// !$*UTF8*$!
{
	archiveVersion = 1;
	classes = {
	};
	objectVersion = 56;
	objects = {

/* Begin PBXBuildFile section */
		64094FEC2B03E86400F527D1 /* SwiftWithSwiftUIApp.swift in Sources */ = {isa = PBXBuildFile; fileRef = 64094FEB2B03E86400F527D1 /* SwiftWithSwiftUIApp.swift */; };
		64094FEE2B03E86400F527D1 /* ContentView.swift in Sources */ = {isa = PBXBuildFile; fileRef = 64094FED2B03E86400F527D1 /* ContentView.swift */; };
		64094FF02B03E86500F527D1 /* Assets.xcassets in Resources */ = {isa = PBXBuildFile; fileRef = 64094FEF2B03E86500F527D1 /* Assets.xcassets */; };
		64094FF32B03E86500F527D1 /* Preview Assets.xcassets in Resources */ = {isa = PBXBuildFile; fileRef = 64094FF22B03E86500F527D1 /* Preview Assets.xcassets */; };
		64094FFA2B03E8B000F527D1 /* Variable.swift in Sources */ = {isa = PBXBuildFile; fileRef = 64094FF92B03E8B000F527D1 /* Variable.swift */; };
		64094FFC2B03EA7A00F527D1 /* Variable2.swift in Sources */ = {isa = PBXBuildFile; fileRef = 64094FFB2B03EA7A00F527D1 /* Variable2.swift */; };
		64094FFE2B03EC3100F527D1 /* Variable3.swift in Sources */ = {isa = PBXBuildFile; fileRef = 64094FFD2B03EC3100F527D1 /* Variable3.swift */; };
		640950002B03EE3F00F527D1 /* Variable4.swift in Sources */ = {isa = PBXBuildFile; fileRef = 64094FFF2B03EE3F00F527D1 /* Variable4.swift */; };
		640950022B03F06E00F527D1 /* Condition.swift in Sources */ = {isa = PBXBuildFile; fileRef = 640950012B03F06E00F527D1 /* Condition.swift */; };
		640950042B03F14100F527D1 /* Loop.swift in Sources */ = {isa = PBXBuildFile; fileRef = 640950032B03F14100F527D1 /* Loop.swift */; };
		640950062B03F2BC00F527D1 /* MyFunction.swift in Sources */ = {isa = PBXBuildFile; fileRef = 640950052B03F2BC00F527D1 /* MyFunction.swift */; };
		640950082B03F47E00F527D1 /* MyEnum.swift in Sources */ = {isa = PBXBuildFile; fileRef = 640950072B03F47E00F527D1 /* MyEnum.swift */; };
		6409507F2B0536B000F527D1 /* MyOptional.swift in Sources */ = {isa = PBXBuildFile; fileRef = 6409507E2B0536B000F527D1 /* MyOptional.swift */; };
		640950812B0539C800F527D1 /* MyClosure.swift in Sources */ = {isa = PBXBuildFile; fileRef = 640950802B0539C800F527D1 /* MyClosure.swift */; };
		640950832B053DEE00F527D1 /* MyStruct.swift in Sources */ = {isa = PBXBuildFile; fileRef = 640950822B053DEE00F527D1 /* MyStruct.swift */; };
		640950852B05449500F527D1 /* MyOptionalBinding.swift in Sources */ = {isa = PBXBuildFile; fileRef = 640950842B05449500F527D1 /* MyOptionalBinding.swift */; };
		640950872B05466000F527D1 /* MyClass.swift in Sources */ = {isa = PBXBuildFile; fileRef = 640950862B05466000F527D1 /* MyClass.swift */; };
		640950892B0549ED00F527D1 /* MyOptionalChaining.swift in Sources */ = {isa = PBXBuildFile; fileRef = 640950882B0549ED00F527D1 /* MyOptionalChaining.swift */; };
/* End PBXBuildFile section */

/* Begin PBXFileReference section */
		64094FE82B03E86400F527D1 /* SwiftWithSwiftUI.app */ = {isa = PBXFileReference; explicitFileType = wrapper.application; includeInIndex = 0; path = SwiftWithSwiftUI.app; sourceTree = BUILT_PRODUCTS_DIR; };
		64094FEB2B03E86400F527D1 /* SwiftWithSwiftUIApp.swift */ = {isa = PBXFileReference; lastKnownFileType = sourcecode.swift; path = SwiftWithSwiftUIApp.swift; sourceTree = "<group>"; };
		64094FED2B03E86400F527D1 /* ContentView.swift */ = {isa = PBXFileReference; lastKnownFileType = sourcecode.swift; path = ContentView.swift; sourceTree = "<group>"; };
		64094FEF2B03E86500F527D1 /* Assets.xcassets */ = {isa = PBXFileReference; lastKnownFileType = folder.assetcatalog; path = Assets.xcassets; sourceTree = "<group>"; };
		64094FF22B03E86500F527D1 /* Preview Assets.xcassets */ = {isa = PBXFileReference; lastKnownFileType = folder.assetcatalog; path = "Preview Assets.xcassets"; sourceTree = "<group>"; };
		64094FF92B03E8B000F527D1 /* Variable.swift */ = {isa = PBXFileReference; lastKnownFileType = sourcecode.swift; path = Variable.swift; sourceTree = "<group>"; };
		64094FFB2B03EA7A00F527D1 /* Variable2.swift */ = {isa = PBXFileReference; lastKnownFileType = sourcecode.swift; path = Variable2.swift; sourceTree = "<group>"; };
		64094FFD2B03EC3100F527D1 /* Variable3.swift */ = {isa = PBXFileReference; lastKnownFileType = sourcecode.swift; path = Variable3.swift; sourceTree = "<group>"; };
		64094FFF2B03EE3F00F527D1 /* Variable4.swift */ = {isa = PBXFileReference; lastKnownFileType = sourcecode.swift; path = Variable4.swift; sourceTree = "<group>"; };
		640950012B03F06E00F527D1 /* Condition.swift */ = {isa = PBXFileReference; lastKnownFileType = sourcecode.swift; path = Condition.swift; sourceTree = "<group>"; };
		640950032B03F14100F527D1 /* Loop.swift */ = {isa = PBXFileReference; lastKnownFileType = sourcecode.swift; path = Loop.swift; sourceTree = "<group>"; };
		640950052B03F2BC00F527D1 /* MyFunction.swift */ = {isa = PBXFileReference; lastKnownFileType = sourcecode.swift; path = MyFunction.swift; sourceTree = "<group>"; };
		640950072B03F47E00F527D1 /* MyEnum.swift */ = {isa = PBXFileReference; lastKnownFileType = sourcecode.swift; path = MyEnum.swift; sourceTree = "<group>"; };
		6409507E2B0536B000F527D1 /* MyOptional.swift */ = {isa = PBXFileReference; lastKnownFileType = sourcecode.swift; path = MyOptional.swift; sourceTree = "<group>"; };
		640950802B0539C800F527D1 /* MyClosure.swift */ = {isa = PBXFileReference; lastKnownFileType = sourcecode.swift; path = MyClosure.swift; sourceTree = "<group>"; };
		640950822B053DEE00F527D1 /* MyStruct.swift */ = {isa = PBXFileReference; lastKnownFileType = sourcecode.swift; path = MyStruct.swift; sourceTree = "<group>"; };
		640950842B05449500F527D1 /* MyOptionalBinding.swift */ = {isa = PBXFileReference; lastKnownFileType = sourcecode.swift; path = MyOptionalBinding.swift; sourceTree = "<group>"; };
		640950862B05466000F527D1 /* MyClass.swift */ = {isa = PBXFileReference; lastKnownFileType = sourcecode.swift; path = MyClass.swift; sourceTree = "<group>"; };
		640950882B0549ED00F527D1 /* MyOptionalChaining.swift */ = {isa = PBXFileReference; lastKnownFileType = sourcecode.swift; path = MyOptionalChaining.swift; sourceTree = "<group>"; };
/* End PBXFileReference section */

/* Begin PBXFrameworksBuildPhase section */
		64094FE52B03E86400F527D1 /* Frameworks */ = {
			isa = PBXFrameworksBuildPhase;
			buildActionMask = 2147483647;
			files = (
			);
			runOnlyForDeploymentPostprocessing = 0;
		};
/* End PBXFrameworksBuildPhase section */

/* Begin PBXGroup section */
		64094FDF2B03E86400F527D1 = {
			isa = PBXGroup;
			children = (
				64094FEA2B03E86400F527D1 /* SwiftWithSwiftUI */,
				64094FE92B03E86400F527D1 /* Products */,
			);
			sourceTree = "<group>";
		};
		64094FE92B03E86400F527D1 /* Products */ = {
			isa = PBXGroup;
			children = (
				64094FE82B03E86400F527D1 /* SwiftWithSwiftUI.app */,
			);
			name = Products;
			sourceTree = "<group>";
		};
		64094FEA2B03E86400F527D1 /* SwiftWithSwiftUI */ = {
			isa = PBXGroup;
			children = (
				64094FEB2B03E86400F527D1 /* SwiftWithSwiftUIApp.swift */,
				64094FF92B03E8B000F527D1 /* Variable.swift */,
				64094FFB2B03EA7A00F527D1 /* Variable2.swift */,
				64094FFD2B03EC3100F527D1 /* Variable3.swift */,
				64094FFF2B03EE3F00F527D1 /* Variable4.swift */,
				640950012B03F06E00F527D1 /* Condition.swift */,
				640950032B03F14100F527D1 /* Loop.swift */,
				640950052B03F2BC00F527D1 /* MyFunction.swift */,
				640950072B03F47E00F527D1 /* MyEnum.swift */,
				6409507E2B0536B000F527D1 /* MyOptional.swift */,
				640950802B0539C800F527D1 /* MyClosure.swift */,
				640950822B053DEE00F527D1 /* MyStruct.swift */,
				640950842B05449500F527D1 /* MyOptionalBinding.swift */,
				640950862B05466000F527D1 /* MyClass.swift */,
				640950882B0549ED00F527D1 /* MyOptionalChaining.swift */,
				64094FED2B03E86400F527D1 /* ContentView.swift */,
				64094FEF2B03E86500F527D1 /* Assets.xcassets */,
				64094FF12B03E86500F527D1 /* Preview Content */,
			);
			path = SwiftWithSwiftUI;
			sourceTree = "<group>";
		};
		64094FF12B03E86500F527D1 /* Preview Content */ = {
			isa = PBXGroup;
			children = (
				64094FF22B03E86500F527D1 /* Preview Assets.xcassets */,
			);
			path = "Preview Content";
			sourceTree = "<group>";
		};
/* End PBXGroup section */

/* Begin PBXNativeTarget section */
		64094FE72B03E86400F527D1 /* SwiftWithSwiftUI */ = {
			isa = PBXNativeTarget;
			buildConfigurationList = 64094FF62B03E86500F527D1 /* Build configuration list for PBXNativeTarget "SwiftWithSwiftUI" */;
			buildPhases = (
				64094FE42B03E86400F527D1 /* Sources */,
				64094FE52B03E86400F527D1 /* Frameworks */,
				64094FE62B03E86400F527D1 /* Resources */,
			);
			buildRules = (
			);
			dependencies = (
			);
			name = SwiftWithSwiftUI;
			productName = SwiftWithSwiftUI;
			productReference = 64094FE82B03E86400F527D1 /* SwiftWithSwiftUI.app */;
			productType = "com.apple.product-type.application";
		};
/* End PBXNativeTarget section */

/* Begin PBXProject section */
		64094FE02B03E86400F527D1 /* Project object */ = {
			isa = PBXProject;
			attributes = {
				BuildIndependentTargetsInParallel = 1;
				LastSwiftUpdateCheck = 1510;
				LastUpgradeCheck = 1510;
				TargetAttributes = {
					64094FE72B03E86400F527D1 = {
						CreatedOnToolsVersion = 15.1;
					};
				};
			};
			buildConfigurationList = 64094FE32B03E86400F527D1 /* Build configuration list for PBXProject "SwiftWithSwiftUI" */;
			compatibilityVersion = "Xcode 14.0";
			developmentRegion = en;
			hasScannedForEncodings = 0;
			knownRegions = (
				en,
				Base,
			);
			mainGroup = 64094FDF2B03E86400F527D1;
			productRefGroup = 64094FE92B03E86400F527D1 /* Products */;
			projectDirPath = "";
			projectRoot = "";
			targets = (
				64094FE72B03E86400F527D1 /* SwiftWithSwiftUI */,
			);
		};
/* End PBXProject section */

/* Begin PBXResourcesBuildPhase section */
		64094FE62B03E86400F527D1 /* Resources */ = {
			isa = PBXResourcesBuildPhase;
			buildActionMask = 2147483647;
			files = (
				64094FF32B03E86500F527D1 /* Preview Assets.xcassets in Resources */,
				64094FF02B03E86500F527D1 /* Assets.xcassets in Resources */,
			);
			runOnlyForDeploymentPostprocessing = 0;
		};
/* End PBXResourcesBuildPhase section */

/* Begin PBXSourcesBuildPhase section */
		64094FE42B03E86400F527D1 /* Sources */ = {
			isa = PBXSourcesBuildPhase;
			buildActionMask = 2147483647;
			files = (
				640950892B0549ED00F527D1 /* MyOptionalChaining.swift in Sources */,
				640950832B053DEE00F527D1 /* MyStruct.swift in Sources */,
				640950002B03EE3F00F527D1 /* Variable4.swift in Sources */,
				640950872B05466000F527D1 /* MyClass.swift in Sources */,
				64094FEE2B03E86400F527D1 /* ContentView.swift in Sources */,
				640950852B05449500F527D1 /* MyOptionalBinding.swift in Sources */,
				640950062B03F2BC00F527D1 /* MyFunction.swift in Sources */,
				640950022B03F06E00F527D1 /* Condition.swift in Sources */,
				6409507F2B0536B000F527D1 /* MyOptional.swift in Sources */,
				640950812B0539C800F527D1 /* MyClosure.swift in Sources */,
				640950082B03F47E00F527D1 /* MyEnum.swift in Sources */,
				64094FFA2B03E8B000F527D1 /* Variable.swift in Sources */,
				64094FFC2B03EA7A00F527D1 /* Variable2.swift in Sources */,
				64094FFE2B03EC3100F527D1 /* Variable3.swift in Sources */,
				64094FEC2B03E86400F527D1 /* SwiftWithSwiftUIApp.swift in Sources */,
				640950042B03F14100F527D1 /* Loop.swift in Sources */,
			);
			runOnlyForDeploymentPostprocessing = 0;
		};
/* End PBXSourcesBuildPhase section */

/* Begin XCBuildConfiguration section */
		64094FF42B03E86500F527D1 /* Debug */ = {
			isa = XCBuildConfiguration;
			buildSettings = {
				ALWAYS_SEARCH_USER_PATHS = NO;
				ASSETCATALOG_COMPILER_GENERATE_SWIFT_ASSET_SYMBOL_EXTENSIONS = YES;
				CLANG_ANALYZER_NONNULL = YES;
				CLANG_ANALYZER_NUMBER_OBJECT_CONVERSION = YES_AGGRESSIVE;
				CLANG_CXX_LANGUAGE_STANDARD = "gnu++20";
				CLANG_ENABLE_MODULES = YES;
				CLANG_ENABLE_OBJC_ARC = YES;
				CLANG_ENABLE_OBJC_WEAK = YES;
				CLANG_WARN_BLOCK_CAPTURE_AUTORELEASING = YES;
				CLANG_WARN_BOOL_CONVERSION = YES;
				CLANG_WARN_COMMA = YES;
				CLANG_WARN_CONSTANT_CONVERSION = YES;
				CLANG_WARN_DEPRECATED_OBJC_IMPLEMENTATIONS = YES;
				CLANG_WARN_DIRECT_OBJC_ISA_USAGE = YES_ERROR;
				CLANG_WARN_DOCUMENTATION_COMMENTS = YES;
				CLANG_WARN_EMPTY_BODY = YES;
				CLANG_WARN_ENUM_CONVERSION = YES;
				CLANG_WARN_INFINITE_RECURSION = YES;
				CLANG_WARN_INT_CONVERSION = YES;
				CLANG_WARN_NON_LITERAL_NULL_CONVERSION = YES;
				CLANG_WARN_OBJC_IMPLICIT_RETAIN_SELF = YES;
				CLANG_WARN_OBJC_LITERAL_CONVERSION = YES;
				CLANG_WARN_OBJC_ROOT_CLASS = YES_ERROR;
				CLANG_WARN_QUOTED_INCLUDE_IN_FRAMEWORK_HEADER = YES;
				CLANG_WARN_RANGE_LOOP_ANALYSIS = YES;
				CLANG_WARN_STRICT_PROTOTYPES = YES;
				CLANG_WARN_SUSPICIOUS_MOVE = YES;
				CLANG_WARN_UNGUARDED_AVAILABILITY = YES_AGGRESSIVE;
				CLANG_WARN_UNREACHABLE_CODE = YES;
				CLANG_WARN__DUPLICATE_METHOD_MATCH = YES;
				COPY_PHASE_STRIP = NO;
				DEBUG_INFORMATION_FORMAT = dwarf;
				ENABLE_STRICT_OBJC_MSGSEND = YES;
				ENABLE_TESTABILITY = YES;
				ENABLE_USER_SCRIPT_SANDBOXING = YES;
				GCC_C_LANGUAGE_STANDARD = gnu17;
				GCC_DYNAMIC_NO_PIC = NO;
				GCC_NO_COMMON_BLOCKS = YES;
				GCC_OPTIMIZATION_LEVEL = 0;
				GCC_PREPROCESSOR_DEFINITIONS = (
					"DEBUG=1",
					"$(inherited)",
				);
				GCC_WARN_64_TO_32_BIT_CONVERSION = YES;
				GCC_WARN_ABOUT_RETURN_TYPE = YES_ERROR;
				GCC_WARN_UNDECLARED_SELECTOR = YES;
				GCC_WARN_UNINITIALIZED_AUTOS = YES_AGGRESSIVE;
				GCC_WARN_UNUSED_FUNCTION = YES;
				GCC_WARN_UNUSED_VARIABLE = YES;
				IPHONEOS_DEPLOYMENT_TARGET = 17.0;
				LOCALIZATION_PREFERS_STRING_CATALOGS = YES;
				MTL_ENABLE_DEBUG_INFO = INCLUDE_SOURCE;
				MTL_FAST_MATH = YES;
				ONLY_ACTIVE_ARCH = YES;
				SDKROOT = iphoneos;
				SWIFT_ACTIVE_COMPILATION_CONDITIONS = "DEBUG $(inherited)";
				SWIFT_OPTIMIZATION_LEVEL = "-Onone";
			};
			name = Debug;
		};
		64094FF52B03E86500F527D1 /* Release */ = {
			isa = XCBuildConfiguration;
			buildSettings = {
				ALWAYS_SEARCH_USER_PATHS = NO;
				ASSETCATALOG_COMPILER_GENERATE_SWIFT_ASSET_SYMBOL_EXTENSIONS = YES;
				CLANG_ANALYZER_NONNULL = YES;
				CLANG_ANALYZER_NUMBER_OBJECT_CONVERSION = YES_AGGRESSIVE;
				CLANG_CXX_LANGUAGE_STANDARD = "gnu++20";
				CLANG_ENABLE_MODULES = YES;
				CLANG_ENABLE_OBJC_ARC = YES;
				CLANG_ENABLE_OBJC_WEAK = YES;
				CLANG_WARN_BLOCK_CAPTURE_AUTORELEASING = YES;
				CLANG_WARN_BOOL_CONVERSION = YES;
				CLANG_WARN_COMMA = YES;
				CLANG_WARN_CONSTANT_CONVERSION = YES;
				CLANG_WARN_DEPRECATED_OBJC_IMPLEMENTATIONS = YES;
				CLANG_WARN_DIRECT_OBJC_ISA_USAGE = YES_ERROR;
				CLANG_WARN_DOCUMENTATION_COMMENTS = YES;
				CLANG_WARN_EMPTY_BODY = YES;
				CLANG_WARN_ENUM_CONVERSION = YES;
				CLANG_WARN_INFINITE_RECURSION = YES;
				CLANG_WARN_INT_CONVERSION = YES;
				CLANG_WARN_NON_LITERAL_NULL_CONVERSION = YES;
				CLANG_WARN_OBJC_IMPLICIT_RETAIN_SELF = YES;
				CLANG_WARN_OBJC_LITERAL_CONVERSION = YES;
				CLANG_WARN_OBJC_ROOT_CLASS = YES_ERROR;
				CLANG_WARN_QUOTED_INCLUDE_IN_FRAMEWORK_HEADER = YES;
				CLANG_WARN_RANGE_LOOP_ANALYSIS = YES;
				CLANG_WARN_STRICT_PROTOTYPES = YES;
				CLANG_WARN_SUSPICIOUS_MOVE = YES;
				CLANG_WARN_UNGUARDED_AVAILABILITY = YES_AGGRESSIVE;
				CLANG_WARN_UNREACHABLE_CODE = YES;
				CLANG_WARN__DUPLICATE_METHOD_MATCH = YES;
				COPY_PHASE_STRIP = NO;
				DEBUG_INFORMATION_FORMAT = "dwarf-with-dsym";
				ENABLE_NS_ASSERTIONS = NO;
				ENABLE_STRICT_OBJC_MSGSEND = YES;
				ENABLE_USER_SCRIPT_SANDBOXING = YES;
				GCC_C_LANGUAGE_STANDARD = gnu17;
				GCC_NO_COMMON_BLOCKS = YES;
				GCC_WARN_64_TO_32_BIT_CONVERSION = YES;
				GCC_WARN_ABOUT_RETURN_TYPE = YES_ERROR;
				GCC_WARN_UNDECLARED_SELECTOR = YES;
				GCC_WARN_UNINITIALIZED_AUTOS = YES_AGGRESSIVE;
				GCC_WARN_UNUSED_FUNCTION = YES;
				GCC_WARN_UNUSED_VARIABLE = YES;
				IPHONEOS_DEPLOYMENT_TARGET = 17.0;
				LOCALIZATION_PREFERS_STRING_CATALOGS = YES;
				MTL_ENABLE_DEBUG_INFO = NO;
				MTL_FAST_MATH = YES;
				SDKROOT = iphoneos;
				SWIFT_COMPILATION_MODE = wholemodule;
				VALIDATE_PRODUCT = YES;
			};
			name = Release;
		};
		64094FF72B03E86500F527D1 /* Debug */ = {
			isa = XCBuildConfiguration;
			buildSettings = {
				ASSETCATALOG_COMPILER_APPICON_NAME = AppIcon;
				ASSETCATALOG_COMPILER_GLOBAL_ACCENT_COLOR_NAME = AccentColor;
				CODE_SIGN_STYLE = Automatic;
				CURRENT_PROJECT_VERSION = 1;
				DEVELOPMENT_ASSET_PATHS = "\"SwiftWithSwiftUI/Preview Content\"";
				DEVELOPMENT_TEAM = KKR332Q2BZ;
				ENABLE_PREVIEWS = YES;
				GENERATE_INFOPLIST_FILE = YES;
				INFOPLIST_KEY_UIApplicationSceneManifest_Generation = YES;
				INFOPLIST_KEY_UIApplicationSupportsIndirectInputEvents = YES;
				INFOPLIST_KEY_UILaunchScreen_Generation = YES;
				INFOPLIST_KEY_UISupportedInterfaceOrientations_iPad = "UIInterfaceOrientationPortrait UIInterfaceOrientationPortraitUpsideDown UIInterfaceOrientationLandscapeLeft UIInterfaceOrientationLandscapeRight";
				INFOPLIST_KEY_UISupportedInterfaceOrientations_iPhone = "UIInterfaceOrientationPortrait UIInterfaceOrientationLandscapeLeft UIInterfaceOrientationLandscapeRight";
				LD_RUNPATH_SEARCH_PATHS = (
					"$(inherited)",
					"@executable_path/Frameworks",
				);
				MARKETING_VERSION = 1.0;
				PRODUCT_BUNDLE_IDENTIFIER = none.SwiftWithSwiftUI;
				PRODUCT_NAME = "$(TARGET_NAME)";
				SWIFT_EMIT_LOC_STRINGS = YES;
				SWIFT_VERSION = 5.0;
				TARGETED_DEVICE_FAMILY = "1,2";
			};
			name = Debug;
		};
		64094FF82B03E86500F527D1 /* Release */ = {
			isa = XCBuildConfiguration;
			buildSettings = {
				ASSETCATALOG_COMPILER_APPICON_NAME = AppIcon;
				ASSETCATALOG_COMPILER_GLOBAL_ACCENT_COLOR_NAME = AccentColor;
				CODE_SIGN_STYLE = Automatic;
				CURRENT_PROJECT_VERSION = 1;
				DEVELOPMENT_ASSET_PATHS = "\"SwiftWithSwiftUI/Preview Content\"";
				DEVELOPMENT_TEAM = KKR332Q2BZ;
				ENABLE_PREVIEWS = YES;
				GENERATE_INFOPLIST_FILE = YES;
				INFOPLIST_KEY_UIApplicationSceneManifest_Generation = YES;
				INFOPLIST_KEY_UIApplicationSupportsIndirectInputEvents = YES;
				INFOPLIST_KEY_UILaunchScreen_Generation = YES;
				INFOPLIST_KEY_UISupportedInterfaceOrientations_iPad = "UIInterfaceOrientationPortrait UIInterfaceOrientationPortraitUpsideDown UIInterfaceOrientationLandscapeLeft UIInterfaceOrientationLandscapeRight";
				INFOPLIST_KEY_UISupportedInterfaceOrientations_iPhone = "UIInterfaceOrientationPortrait UIInterfaceOrientationLandscapeLeft UIInterfaceOrientationLandscapeRight";
				LD_RUNPATH_SEARCH_PATHS = (
					"$(inherited)",
					"@executable_path/Frameworks",
				);
				MARKETING_VERSION = 1.0;
				PRODUCT_BUNDLE_IDENTIFIER = none.SwiftWithSwiftUI;
				PRODUCT_NAME = "$(TARGET_NAME)";
				SWIFT_EMIT_LOC_STRINGS = YES;
				SWIFT_VERSION = 5.0;
				TARGETED_DEVICE_FAMILY = "1,2";
			};
			name = Release;
		};
/* End XCBuildConfiguration section */

/* Begin XCConfigurationList section */
		64094FE32B03E86400F527D1 /* Build configuration list for PBXProject "SwiftWithSwiftUI" */ = {
			isa = XCConfigurationList;
			buildConfigurations = (
				64094FF42B03E86500F527D1 /* Debug */,
				64094FF52B03E86500F527D1 /* Release */,
			);
			defaultConfigurationIsVisible = 0;
			defaultConfigurationName = Release;
		};
		64094FF62B03E86500F527D1 /* Build configuration list for PBXNativeTarget "SwiftWithSwiftUI" */ = {
			isa = XCConfigurationList;
			buildConfigurations = (
				64094FF72B03E86500F527D1 /* Debug */,
				64094FF82B03E86500F527D1 /* Release */,
			);
			defaultConfigurationIsVisible = 0;
			defaultConfigurationName = Release;
		};
/* End XCConfigurationList section */
	};
	rootObject = 64094FE02B03E86400F527D1 /* Project object */;
}
