// !$*UTF8*$!
{
	archiveVersion = 1;
	classes = {
	};
	objectVersion = 56;
	objects = {

/* Begin PBXBuildFile section */
		640998402BA2055400829F9D /* CounterFeature.swift in Sources */ = {isa = PBXBuildFile; fileRef = 6409983F2BA2055400829F9D /* CounterFeature.swift */; };
		640998422BA2065200829F9D /* CounterView.swift in Sources */ = {isa = PBXBuildFile; fileRef = 640998412BA2065200829F9D /* CounterView.swift */; };
		640998442BA2102D00829F9D /* AppView.swift in Sources */ = {isa = PBXBuildFile; fileRef = 640998432BA2102D00829F9D /* AppView.swift */; };
		640998462BA210AA00829F9D /* AppFeature.swift in Sources */ = {isa = PBXBuildFile; fileRef = 640998452BA210AA00829F9D /* AppFeature.swift */; };
		640998482BA2131E00829F9D /* ContactsFeature.swift in Sources */ = {isa = PBXBuildFile; fileRef = 640998472BA2131E00829F9D /* ContactsFeature.swift */; };
		6409984A2BA213D000829F9D /* ContactsView.swift in Sources */ = {isa = PBXBuildFile; fileRef = 640998492BA213D000829F9D /* ContactsView.swift */; };
		6409984C2BA214CA00829F9D /* AddContactFeature.swift in Sources */ = {isa = PBXBuildFile; fileRef = 6409984B2BA214CA00829F9D /* AddContactFeature.swift */; };
		6409984E2BA2155E00829F9D /* AddContactView.swift in Sources */ = {isa = PBXBuildFile; fileRef = 6409984D2BA2155E00829F9D /* AddContactView.swift */; };
		6476A2582B5117B600F73262 /* Assets.xcassets in Resources */ = {isa = PBXBuildFile; fileRef = 6476A2572B5117B600F73262 /* Assets.xcassets */; };
		6476A25B2B5117B600F73262 /* Preview Assets.xcassets in Resources */ = {isa = PBXBuildFile; fileRef = 6476A25A2B5117B600F73262 /* Preview Assets.xcassets */; };
		6476A2632B51180A00F73262 /* ComposableArchitecture in Frameworks */ = {isa = PBXBuildFile; productRef = 6476A2622B51180A00F73262 /* ComposableArchitecture */; };
		6476A27A2B512D9F00F73262 /* TCA_tutorialTests.swift in Sources */ = {isa = PBXBuildFile; fileRef = 6476A2792B512D9F00F73262 /* TCA_tutorialTests.swift */; };
		6476A2862B51320D00F73262 /* TCA_tutorialApp.swift in Sources */ = {isa = PBXBuildFile; fileRef = 6476A2532B5117B400F73262 /* TCA_tutorialApp.swift */; };
/* End PBXBuildFile section */

/* Begin PBXContainerItemProxy section */
		6476A27B2B512D9F00F73262 /* PBXContainerItemProxy */ = {
			isa = PBXContainerItemProxy;
			containerPortal = 6476A2482B5117B400F73262 /* Project object */;
			proxyType = 1;
			remoteGlobalIDString = 6476A24F2B5117B400F73262;
			remoteInfo = TCA_tutorial;
		};
/* End PBXContainerItemProxy section */

/* Begin PBXFileReference section */
		6409983F2BA2055400829F9D /* CounterFeature.swift */ = {isa = PBXFileReference; lastKnownFileType = sourcecode.swift; path = CounterFeature.swift; sourceTree = "<group>"; };
		640998412BA2065200829F9D /* CounterView.swift */ = {isa = PBXFileReference; lastKnownFileType = sourcecode.swift; path = CounterView.swift; sourceTree = "<group>"; };
		640998432BA2102D00829F9D /* AppView.swift */ = {isa = PBXFileReference; lastKnownFileType = sourcecode.swift; path = AppView.swift; sourceTree = "<group>"; };
		640998452BA210AA00829F9D /* AppFeature.swift */ = {isa = PBXFileReference; lastKnownFileType = sourcecode.swift; path = AppFeature.swift; sourceTree = "<group>"; };
		640998472BA2131E00829F9D /* ContactsFeature.swift */ = {isa = PBXFileReference; lastKnownFileType = sourcecode.swift; path = ContactsFeature.swift; sourceTree = "<group>"; };
		640998492BA213D000829F9D /* ContactsView.swift */ = {isa = PBXFileReference; lastKnownFileType = sourcecode.swift; path = ContactsView.swift; sourceTree = "<group>"; };
		6409984B2BA214CA00829F9D /* AddContactFeature.swift */ = {isa = PBXFileReference; lastKnownFileType = sourcecode.swift; path = AddContactFeature.swift; sourceTree = "<group>"; };
		6409984D2BA2155E00829F9D /* AddContactView.swift */ = {isa = PBXFileReference; lastKnownFileType = sourcecode.swift; path = AddContactView.swift; sourceTree = "<group>"; };
		6476A2502B5117B400F73262 /* TCA_tutorial.app */ = {isa = PBXFileReference; explicitFileType = wrapper.application; includeInIndex = 0; path = TCA_tutorial.app; sourceTree = BUILT_PRODUCTS_DIR; };
		6476A2532B5117B400F73262 /* TCA_tutorialApp.swift */ = {isa = PBXFileReference; lastKnownFileType = sourcecode.swift; path = TCA_tutorialApp.swift; sourceTree = "<group>"; };
		6476A2572B5117B600F73262 /* Assets.xcassets */ = {isa = PBXFileReference; lastKnownFileType = folder.assetcatalog; path = Assets.xcassets; sourceTree = "<group>"; };
		6476A25A2B5117B600F73262 /* Preview Assets.xcassets */ = {isa = PBXFileReference; lastKnownFileType = folder.assetcatalog; path = "Preview Assets.xcassets"; sourceTree = "<group>"; };
		6476A2772B512D9F00F73262 /* TCA_tutorialTests.xctest */ = {isa = PBXFileReference; explicitFileType = wrapper.cfbundle; includeInIndex = 0; path = TCA_tutorialTests.xctest; sourceTree = BUILT_PRODUCTS_DIR; };
		6476A2792B512D9F00F73262 /* TCA_tutorialTests.swift */ = {isa = PBXFileReference; lastKnownFileType = sourcecode.swift; path = TCA_tutorialTests.swift; sourceTree = "<group>"; };
/* End PBXFileReference section */

/* Begin PBXFrameworksBuildPhase section */
		6476A24D2B5117B400F73262 /* Frameworks */ = {
			isa = PBXFrameworksBuildPhase;
			buildActionMask = 2147483647;
			files = (
				6476A2632B51180A00F73262 /* ComposableArchitecture in Frameworks */,
			);
			runOnlyForDeploymentPostprocessing = 0;
		};
		6476A2742B512D9E00F73262 /* Frameworks */ = {
			isa = PBXFrameworksBuildPhase;
			buildActionMask = 2147483647;
			files = (
			);
			runOnlyForDeploymentPostprocessing = 0;
		};
/* End PBXFrameworksBuildPhase section */

/* Begin PBXGroup section */
		6476A2472B5117B400F73262 = {
			isa = PBXGroup;
			children = (
				6476A2522B5117B400F73262 /* TCA_tutorial */,
				6476A2782B512D9F00F73262 /* TCA_tutorialTests */,
				6476A2512B5117B400F73262 /* Products */,
			);
			sourceTree = "<group>";
		};
		6476A2512B5117B400F73262 /* Products */ = {
			isa = PBXGroup;
			children = (
				6476A2502B5117B400F73262 /* TCA_tutorial.app */,
				6476A2772B512D9F00F73262 /* TCA_tutorialTests.xctest */,
			);
			name = Products;
			sourceTree = "<group>";
		};
		6476A2522B5117B400F73262 /* TCA_tutorial */ = {
			isa = PBXGroup;
			children = (
				6476A2532B5117B400F73262 /* TCA_tutorialApp.swift */,
				640998452BA210AA00829F9D /* AppFeature.swift */,
				640998432BA2102D00829F9D /* AppView.swift */,
				6409983F2BA2055400829F9D /* CounterFeature.swift */,
				640998412BA2065200829F9D /* CounterView.swift */,
				640998472BA2131E00829F9D /* ContactsFeature.swift */,
				640998492BA213D000829F9D /* ContactsView.swift */,
				6409984B2BA214CA00829F9D /* AddContactFeature.swift */,
				6409984D2BA2155E00829F9D /* AddContactView.swift */,
				6476A2572B5117B600F73262 /* Assets.xcassets */,
				6476A2592B5117B600F73262 /* Preview Content */,
			);
			path = TCA_tutorial;
			sourceTree = "<group>";
		};
		6476A2592B5117B600F73262 /* Preview Content */ = {
			isa = PBXGroup;
			children = (
				6476A25A2B5117B600F73262 /* Preview Assets.xcassets */,
			);
			path = "Preview Content";
			sourceTree = "<group>";
		};
		6476A2782B512D9F00F73262 /* TCA_tutorialTests */ = {
			isa = PBXGroup;
			children = (
				6476A2792B512D9F00F73262 /* TCA_tutorialTests.swift */,
			);
			path = TCA_tutorialTests;
			sourceTree = "<group>";
		};
/* End PBXGroup section */

/* Begin PBXNativeTarget section */
		6476A24F2B5117B400F73262 /* TCA_tutorial */ = {
			isa = PBXNativeTarget;
			buildConfigurationList = 6476A25E2B5117B600F73262 /* Build configuration list for PBXNativeTarget "TCA_tutorial" */;
			buildPhases = (
				6476A24C2B5117B400F73262 /* Sources */,
				6476A24D2B5117B400F73262 /* Frameworks */,
				6476A24E2B5117B400F73262 /* Resources */,
			);
			buildRules = (
			);
			dependencies = (
			);
			name = TCA_tutorial;
			packageProductDependencies = (
				6476A2622B51180A00F73262 /* ComposableArchitecture */,
			);
			productName = TCA_tutorial;
			productReference = 6476A2502B5117B400F73262 /* TCA_tutorial.app */;
			productType = "com.apple.product-type.application";
		};
		6476A2762B512D9E00F73262 /* TCA_tutorialTests */ = {
			isa = PBXNativeTarget;
			buildConfigurationList = 6476A27D2B512D9F00F73262 /* Build configuration list for PBXNativeTarget "TCA_tutorialTests" */;
			buildPhases = (
				6476A2732B512D9E00F73262 /* Sources */,
				6476A2742B512D9E00F73262 /* Frameworks */,
				6476A2752B512D9E00F73262 /* Resources */,
			);
			buildRules = (
			);
			dependencies = (
				6476A27C2B512D9F00F73262 /* PBXTargetDependency */,
			);
			name = TCA_tutorialTests;
			productName = TCA_tutorialTests;
			productReference = 6476A2772B512D9F00F73262 /* TCA_tutorialTests.xctest */;
			productType = "com.apple.product-type.bundle.unit-test";
		};
/* End PBXNativeTarget section */

/* Begin PBXProject section */
		6476A2482B5117B400F73262 /* Project object */ = {
			isa = PBXProject;
			attributes = {
				BuildIndependentTargetsInParallel = 1;
				LastSwiftUpdateCheck = 1520;
				LastUpgradeCheck = 1520;
				TargetAttributes = {
					6476A24F2B5117B400F73262 = {
						CreatedOnToolsVersion = 15.2;
					};
					6476A2762B512D9E00F73262 = {
						CreatedOnToolsVersion = 15.2;
						TestTargetID = 6476A24F2B5117B400F73262;
					};
				};
			};
			buildConfigurationList = 6476A24B2B5117B400F73262 /* Build configuration list for PBXProject "TCA_tutorial" */;
			compatibilityVersion = "Xcode 14.0";
			developmentRegion = en;
			hasScannedForEncodings = 0;
			knownRegions = (
				en,
				Base,
			);
			mainGroup = 6476A2472B5117B400F73262;
			packageReferences = (
				6476A2612B51180A00F73262 /* XCRemoteSwiftPackageReference "swift-composable-architecture" */,
			);
			productRefGroup = 6476A2512B5117B400F73262 /* Products */;
			projectDirPath = "";
			projectRoot = "";
			targets = (
				6476A24F2B5117B400F73262 /* TCA_tutorial */,
				6476A2762B512D9E00F73262 /* TCA_tutorialTests */,
			);
		};
/* End PBXProject section */

/* Begin PBXResourcesBuildPhase section */
		6476A24E2B5117B400F73262 /* Resources */ = {
			isa = PBXResourcesBuildPhase;
			buildActionMask = 2147483647;
			files = (
				6476A25B2B5117B600F73262 /* Preview Assets.xcassets in Resources */,
				6476A2582B5117B600F73262 /* Assets.xcassets in Resources */,
			);
			runOnlyForDeploymentPostprocessing = 0;
		};
		6476A2752B512D9E00F73262 /* Resources */ = {
			isa = PBXResourcesBuildPhase;
			buildActionMask = 2147483647;
			files = (
			);
			runOnlyForDeploymentPostprocessing = 0;
		};
/* End PBXResourcesBuildPhase section */

/* Begin PBXSourcesBuildPhase section */
		6476A24C2B5117B400F73262 /* Sources */ = {
			isa = PBXSourcesBuildPhase;
			buildActionMask = 2147483647;
			files = (
				640998442BA2102D00829F9D /* AppView.swift in Sources */,
				640998462BA210AA00829F9D /* AppFeature.swift in Sources */,
				6476A2862B51320D00F73262 /* TCA_tutorialApp.swift in Sources */,
				6409984C2BA214CA00829F9D /* AddContactFeature.swift in Sources */,
				640998402BA2055400829F9D /* CounterFeature.swift in Sources */,
				640998422BA2065200829F9D /* CounterView.swift in Sources */,
				6409984E2BA2155E00829F9D /* AddContactView.swift in Sources */,
				640998482BA2131E00829F9D /* ContactsFeature.swift in Sources */,
				6409984A2BA213D000829F9D /* ContactsView.swift in Sources */,
			);
			runOnlyForDeploymentPostprocessing = 0;
		};
		6476A2732B512D9E00F73262 /* Sources */ = {
			isa = PBXSourcesBuildPhase;
			buildActionMask = 2147483647;
			files = (
				6476A27A2B512D9F00F73262 /* TCA_tutorialTests.swift in Sources */,
			);
			runOnlyForDeploymentPostprocessing = 0;
		};
/* End PBXSourcesBuildPhase section */

/* Begin PBXTargetDependency section */
		6476A27C2B512D9F00F73262 /* PBXTargetDependency */ = {
			isa = PBXTargetDependency;
			target = 6476A24F2B5117B400F73262 /* TCA_tutorial */;
			targetProxy = 6476A27B2B512D9F00F73262 /* PBXContainerItemProxy */;
		};
/* End PBXTargetDependency section */

/* Begin XCBuildConfiguration section */
		6476A25C2B5117B600F73262 /* Debug */ = {
			isa = XCBuildConfiguration;
			buildSettings = {
				ALWAYS_SEARCH_USER_PATHS = NO;
				ASSETCATALOG_COMPILER_GENERATE_SWIFT_ASSET_SYMBOL_EXTENSIONS = YES;
				CLANG_ANALYZER_NONNULL = YES;
				CLANG_ANALYZER_NUMBER_OBJECT_CONVERSION = YES_AGGRESSIVE;
				CLANG_CXX_LANGUAGE_STANDARD = "gnu++20";
				CLANG_ENABLE_MODULES = YES;
				CLANG_ENABLE_OBJC_ARC = YES;
				CLANG_ENABLE_OBJC_WEAK = YES;
				CLANG_WARN_BLOCK_CAPTURE_AUTORELEASING = YES;
				CLANG_WARN_BOOL_CONVERSION = YES;
				CLANG_WARN_COMMA = YES;
				CLANG_WARN_CONSTANT_CONVERSION = YES;
				CLANG_WARN_DEPRECATED_OBJC_IMPLEMENTATIONS = YES;
				CLANG_WARN_DIRECT_OBJC_ISA_USAGE = YES_ERROR;
				CLANG_WARN_DOCUMENTATION_COMMENTS = YES;
				CLANG_WARN_EMPTY_BODY = YES;
				CLANG_WARN_ENUM_CONVERSION = YES;
				CLANG_WARN_INFINITE_RECURSION = YES;
				CLANG_WARN_INT_CONVERSION = YES;
				CLANG_WARN_NON_LITERAL_NULL_CONVERSION = YES;
				CLANG_WARN_OBJC_IMPLICIT_RETAIN_SELF = YES;
				CLANG_WARN_OBJC_LITERAL_CONVERSION = YES;
				CLANG_WARN_OBJC_ROOT_CLASS = YES_ERROR;
				CLANG_WARN_QUOTED_INCLUDE_IN_FRAMEWORK_HEADER = YES;
				CLANG_WARN_RANGE_LOOP_ANALYSIS = YES;
				CLANG_WARN_STRICT_PROTOTYPES = YES;
				CLANG_WARN_SUSPICIOUS_MOVE = YES;
				CLANG_WARN_UNGUARDED_AVAILABILITY = YES_AGGRESSIVE;
				CLANG_WARN_UNREACHABLE_CODE = YES;
				CLANG_WARN__DUPLICATE_METHOD_MATCH = YES;
				COPY_PHASE_STRIP = NO;
				DEBUG_INFORMATION_FORMAT = dwarf;
				ENABLE_STRICT_OBJC_MSGSEND = YES;
				ENABLE_TESTABILITY = YES;
				ENABLE_USER_SCRIPT_SANDBOXING = YES;
				GCC_C_LANGUAGE_STANDARD = gnu17;
				GCC_DYNAMIC_NO_PIC = NO;
				GCC_NO_COMMON_BLOCKS = YES;
				GCC_OPTIMIZATION_LEVEL = 0;
				GCC_PREPROCESSOR_DEFINITIONS = (
					"DEBUG=1",
					"$(inherited)",
				);
				GCC_WARN_64_TO_32_BIT_CONVERSION = YES;
				GCC_WARN_ABOUT_RETURN_TYPE = YES_ERROR;
				GCC_WARN_UNDECLARED_SELECTOR = YES;
				GCC_WARN_UNINITIALIZED_AUTOS = YES_AGGRESSIVE;
				GCC_WARN_UNUSED_FUNCTION = YES;
				GCC_WARN_UNUSED_VARIABLE = YES;
				IPHONEOS_DEPLOYMENT_TARGET = 17.2;
				LOCALIZATION_PREFERS_STRING_CATALOGS = YES;
				MTL_ENABLE_DEBUG_INFO = INCLUDE_SOURCE;
				MTL_FAST_MATH = YES;
				ONLY_ACTIVE_ARCH = YES;
				SDKROOT = iphoneos;
				SWIFT_ACTIVE_COMPILATION_CONDITIONS = "DEBUG $(inherited)";
				SWIFT_OPTIMIZATION_LEVEL = "-Onone";
			};
			name = Debug;
		};
		6476A25D2B5117B600F73262 /* Release */ = {
			isa = XCBuildConfiguration;
			buildSettings = {
				ALWAYS_SEARCH_USER_PATHS = NO;
				ASSETCATALOG_COMPILER_GENERATE_SWIFT_ASSET_SYMBOL_EXTENSIONS = YES;
				CLANG_ANALYZER_NONNULL = YES;
				CLANG_ANALYZER_NUMBER_OBJECT_CONVERSION = YES_AGGRESSIVE;
				CLANG_CXX_LANGUAGE_STANDARD = "gnu++20";
				CLANG_ENABLE_MODULES = YES;
				CLANG_ENABLE_OBJC_ARC = YES;
				CLANG_ENABLE_OBJC_WEAK = YES;
				CLANG_WARN_BLOCK_CAPTURE_AUTORELEASING = YES;
				CLANG_WARN_BOOL_CONVERSION = YES;
				CLANG_WARN_COMMA = YES;
				CLANG_WARN_CONSTANT_CONVERSION = YES;
				CLANG_WARN_DEPRECATED_OBJC_IMPLEMENTATIONS = YES;
				CLANG_WARN_DIRECT_OBJC_ISA_USAGE = YES_ERROR;
				CLANG_WARN_DOCUMENTATION_COMMENTS = YES;
				CLANG_WARN_EMPTY_BODY = YES;
				CLANG_WARN_ENUM_CONVERSION = YES;
				CLANG_WARN_INFINITE_RECURSION = YES;
				CLANG_WARN_INT_CONVERSION = YES;
				CLANG_WARN_NON_LITERAL_NULL_CONVERSION = YES;
				CLANG_WARN_OBJC_IMPLICIT_RETAIN_SELF = YES;
				CLANG_WARN_OBJC_LITERAL_CONVERSION = YES;
				CLANG_WARN_OBJC_ROOT_CLASS = YES_ERROR;
				CLANG_WARN_QUOTED_INCLUDE_IN_FRAMEWORK_HEADER = YES;
				CLANG_WARN_RANGE_LOOP_ANALYSIS = YES;
				CLANG_WARN_STRICT_PROTOTYPES = YES;
				CLANG_WARN_SUSPICIOUS_MOVE = YES;
				CLANG_WARN_UNGUARDED_AVAILABILITY = YES_AGGRESSIVE;
				CLANG_WARN_UNREACHABLE_CODE = YES;
				CLANG_WARN__DUPLICATE_METHOD_MATCH = YES;
				COPY_PHASE_STRIP = NO;
				DEBUG_INFORMATION_FORMAT = "dwarf-with-dsym";
				ENABLE_NS_ASSERTIONS = NO;
				ENABLE_STRICT_OBJC_MSGSEND = YES;
				ENABLE_USER_SCRIPT_SANDBOXING = YES;
				GCC_C_LANGUAGE_STANDARD = gnu17;
				GCC_NO_COMMON_BLOCKS = YES;
				GCC_WARN_64_TO_32_BIT_CONVERSION = YES;
				GCC_WARN_ABOUT_RETURN_TYPE = YES_ERROR;
				GCC_WARN_UNDECLARED_SELECTOR = YES;
				GCC_WARN_UNINITIALIZED_AUTOS = YES_AGGRESSIVE;
				GCC_WARN_UNUSED_FUNCTION = YES;
				GCC_WARN_UNUSED_VARIABLE = YES;
				IPHONEOS_DEPLOYMENT_TARGET = 17.2;
				LOCALIZATION_PREFERS_STRING_CATALOGS = YES;
				MTL_ENABLE_DEBUG_INFO = NO;
				MTL_FAST_MATH = YES;
				SDKROOT = iphoneos;
				SWIFT_COMPILATION_MODE = wholemodule;
				VALIDATE_PRODUCT = YES;
			};
			name = Release;
		};
		6476A25F2B5117B600F73262 /* Debug */ = {
			isa = XCBuildConfiguration;
			buildSettings = {
				ASSETCATALOG_COMPILER_APPICON_NAME = AppIcon;
				ASSETCATALOG_COMPILER_GLOBAL_ACCENT_COLOR_NAME = AccentColor;
				CODE_SIGN_STYLE = Automatic;
				CURRENT_PROJECT_VERSION = 1;
				DEVELOPMENT_ASSET_PATHS = "\"TCA_tutorial/Preview Content\"";
				DEVELOPMENT_TEAM = KKR332Q2BZ;
				ENABLE_PREVIEWS = YES;
				GENERATE_INFOPLIST_FILE = YES;
				INFOPLIST_KEY_UIApplicationSceneManifest_Generation = YES;
				INFOPLIST_KEY_UIApplicationSupportsIndirectInputEvents = YES;
				INFOPLIST_KEY_UILaunchScreen_Generation = YES;
				INFOPLIST_KEY_UISupportedInterfaceOrientations_iPad = "UIInterfaceOrientationPortrait UIInterfaceOrientationPortraitUpsideDown UIInterfaceOrientationLandscapeLeft UIInterfaceOrientationLandscapeRight";
				INFOPLIST_KEY_UISupportedInterfaceOrientations_iPhone = "UIInterfaceOrientationPortrait UIInterfaceOrientationLandscapeLeft UIInterfaceOrientationLandscapeRight";
				LD_RUNPATH_SEARCH_PATHS = (
					"$(inherited)",
					"@executable_path/Frameworks",
				);
				MARKETING_VERSION = 1.0;
				PRODUCT_BUNDLE_IDENTIFIER = "none.TCA-tutorial";
				PRODUCT_NAME = "$(TARGET_NAME)";
				SWIFT_EMIT_LOC_STRINGS = YES;
				SWIFT_VERSION = 5.0;
				TARGETED_DEVICE_FAMILY = "1,2";
			};
			name = Debug;
		};
		6476A2602B5117B600F73262 /* Release */ = {
			isa = XCBuildConfiguration;
			buildSettings = {
				ASSETCATALOG_COMPILER_APPICON_NAME = AppIcon;
				ASSETCATALOG_COMPILER_GLOBAL_ACCENT_COLOR_NAME = AccentColor;
				CODE_SIGN_STYLE = Automatic;
				CURRENT_PROJECT_VERSION = 1;
				DEVELOPMENT_ASSET_PATHS = "\"TCA_tutorial/Preview Content\"";
				DEVELOPMENT_TEAM = KKR332Q2BZ;
				ENABLE_PREVIEWS = YES;
				GENERATE_INFOPLIST_FILE = YES;
				INFOPLIST_KEY_UIApplicationSceneManifest_Generation = YES;
				INFOPLIST_KEY_UIApplicationSupportsIndirectInputEvents = YES;
				INFOPLIST_KEY_UILaunchScreen_Generation = YES;
				INFOPLIST_KEY_UISupportedInterfaceOrientations_iPad = "UIInterfaceOrientationPortrait UIInterfaceOrientationPortraitUpsideDown UIInterfaceOrientationLandscapeLeft UIInterfaceOrientationLandscapeRight";
				INFOPLIST_KEY_UISupportedInterfaceOrientations_iPhone = "UIInterfaceOrientationPortrait UIInterfaceOrientationLandscapeLeft UIInterfaceOrientationLandscapeRight";
				LD_RUNPATH_SEARCH_PATHS = (
					"$(inherited)",
					"@executable_path/Frameworks",
				);
				MARKETING_VERSION = 1.0;
				PRODUCT_BUNDLE_IDENTIFIER = "none.TCA-tutorial";
				PRODUCT_NAME = "$(TARGET_NAME)";
				SWIFT_EMIT_LOC_STRINGS = YES;
				SWIFT_VERSION = 5.0;
				TARGETED_DEVICE_FAMILY = "1,2";
			};
			name = Release;
		};
		6476A27E2B512D9F00F73262 /* Debug */ = {
			isa = XCBuildConfiguration;
			buildSettings = {
				BUNDLE_LOADER = "$(TEST_HOST)";
				CODE_SIGN_STYLE = Automatic;
				CURRENT_PROJECT_VERSION = 1;
				DEVELOPMENT_TEAM = KKR332Q2BZ;
				GENERATE_INFOPLIST_FILE = YES;
				MARKETING_VERSION = 1.0;
				PRODUCT_BUNDLE_IDENTIFIER = "none.TCA-tutorialTests";
				PRODUCT_NAME = "$(TARGET_NAME)";
				SWIFT_EMIT_LOC_STRINGS = NO;
				SWIFT_VERSION = 5.0;
				TARGETED_DEVICE_FAMILY = "1,2";
				TEST_HOST = "$(BUILT_PRODUCTS_DIR)/TCA_tutorial.app/$(BUNDLE_EXECUTABLE_FOLDER_PATH)/TCA_tutorial";
			};
			name = Debug;
		};
		6476A27F2B512D9F00F73262 /* Release */ = {
			isa = XCBuildConfiguration;
			buildSettings = {
				BUNDLE_LOADER = "$(TEST_HOST)";
				CODE_SIGN_STYLE = Automatic;
				CURRENT_PROJECT_VERSION = 1;
				DEVELOPMENT_TEAM = KKR332Q2BZ;
				GENERATE_INFOPLIST_FILE = YES;
				MARKETING_VERSION = 1.0;
				PRODUCT_BUNDLE_IDENTIFIER = "none.TCA-tutorialTests";
				PRODUCT_NAME = "$(TARGET_NAME)";
				SWIFT_EMIT_LOC_STRINGS = NO;
				SWIFT_VERSION = 5.0;
				TARGETED_DEVICE_FAMILY = "1,2";
				TEST_HOST = "$(BUILT_PRODUCTS_DIR)/TCA_tutorial.app/$(BUNDLE_EXECUTABLE_FOLDER_PATH)/TCA_tutorial";
			};
			name = Release;
		};
/* End XCBuildConfiguration section */

/* Begin XCConfigurationList section */
		6476A24B2B5117B400F73262 /* Build configuration list for PBXProject "TCA_tutorial" */ = {
			isa = XCConfigurationList;
			buildConfigurations = (
				6476A25C2B5117B600F73262 /* Debug */,
				6476A25D2B5117B600F73262 /* Release */,
			);
			defaultConfigurationIsVisible = 0;
			defaultConfigurationName = Release;
		};
		6476A25E2B5117B600F73262 /* Build configuration list for PBXNativeTarget "TCA_tutorial" */ = {
			isa = XCConfigurationList;
			buildConfigurations = (
				6476A25F2B5117B600F73262 /* Debug */,
				6476A2602B5117B600F73262 /* Release */,
			);
			defaultConfigurationIsVisible = 0;
			defaultConfigurationName = Release;
		};
		6476A27D2B512D9F00F73262 /* Build configuration list for PBXNativeTarget "TCA_tutorialTests" */ = {
			isa = XCConfigurationList;
			buildConfigurations = (
				6476A27E2B512D9F00F73262 /* Debug */,
				6476A27F2B512D9F00F73262 /* Release */,
			);
			defaultConfigurationIsVisible = 0;
			defaultConfigurationName = Release;
		};
/* End XCConfigurationList section */

/* Begin XCRemoteSwiftPackageReference section */
		6476A2612B51180A00F73262 /* XCRemoteSwiftPackageReference "swift-composable-architecture" */ = {
			isa = XCRemoteSwiftPackageReference;
			repositoryURL = "https://github.com/pointfreeco/swift-composable-architecture";
			requirement = {
				kind = upToNextMajorVersion;
				minimumVersion = 1.6.0;
			};
		};
/* End XCRemoteSwiftPackageReference section */

/* Begin XCSwiftPackageProductDependency section */
		6476A2622B51180A00F73262 /* ComposableArchitecture */ = {
			isa = XCSwiftPackageProductDependency;
			package = 6476A2612B51180A00F73262 /* XCRemoteSwiftPackageReference "swift-composable-architecture" */;
			productName = ComposableArchitecture;
		};
/* End XCSwiftPackageProductDependency section */
	};
	rootObject = 6476A2482B5117B400F73262 /* Project object */;
}
