// !$*UTF8*$!
{
	archiveVersion = 1;
	classes = {
	};
	objectVersion = 56;
	objects = {

/* Begin PBXBuildFile section */
		64A800062B3F25CB00CD80AF /* FruitModel.swift in Sources */ = {isa = PBXBuildFile; fileRef = 64A800052B3F25CB00CD80AF /* FruitModel.swift */; };
		64A800092B3F26C000CD80AF /* FruitData.swift in Sources */ = {isa = PBXBuildFile; fileRef = 64A800082B3F26C000CD80AF /* FruitData.swift */; };
		64A8000B2B3F2AE800CD80AF /* FruitsRowView.swift in Sources */ = {isa = PBXBuildFile; fileRef = 64A8000A2B3F2AE800CD80AF /* FruitsRowView.swift */; };
		64A8000D2B3F2D4800CD80AF /* FruitDetailView.swift in Sources */ = {isa = PBXBuildFile; fileRef = 64A8000C2B3F2D4800CD80AF /* FruitDetailView.swift */; };
		64A8000F2B3F2F6800CD80AF /* FruitHeaderView.swift in Sources */ = {isa = PBXBuildFile; fileRef = 64A8000E2B3F2F6800CD80AF /* FruitHeaderView.swift */; };
		64A800112B3F30FB00CD80AF /* SourceLinkView.swift in Sources */ = {isa = PBXBuildFile; fileRef = 64A800102B3F30FB00CD80AF /* SourceLinkView.swift */; };
		64C61A0C2B3DF4C400F62287 /* FruitsApp.swift in Sources */ = {isa = PBXBuildFile; fileRef = 64C61A0B2B3DF4C400F62287 /* FruitsApp.swift */; };
		64C61A0E2B3DF4C400F62287 /* ContentView.swift in Sources */ = {isa = PBXBuildFile; fileRef = 64C61A0D2B3DF4C400F62287 /* ContentView.swift */; };
		64C61A102B3DF4C600F62287 /* Assets.xcassets in Resources */ = {isa = PBXBuildFile; fileRef = 64C61A0F2B3DF4C600F62287 /* Assets.xcassets */; };
		64C61A132B3DF4C600F62287 /* Preview Assets.xcassets in Resources */ = {isa = PBXBuildFile; fileRef = 64C61A122B3DF4C600F62287 /* Preview Assets.xcassets */; };
		64C61A1F2B3DF7F500F62287 /* FruitCardView.swift in Sources */ = {isa = PBXBuildFile; fileRef = 64C61A1E2B3DF7F500F62287 /* FruitCardView.swift */; };
		64C61A212B3DFB7D00F62287 /* StartButtonView.swift in Sources */ = {isa = PBXBuildFile; fileRef = 64C61A202B3DFB7D00F62287 /* StartButtonView.swift */; };
		64C61A232B3DFDE400F62287 /* OnboardingView.swift in Sources */ = {isa = PBXBuildFile; fileRef = 64C61A222B3DFDE400F62287 /* OnboardingView.swift */; };
/* End PBXBuildFile section */

/* Begin PBXFileReference section */
		64A800052B3F25CB00CD80AF /* FruitModel.swift */ = {isa = PBXFileReference; lastKnownFileType = sourcecode.swift; path = FruitModel.swift; sourceTree = "<group>"; };
		64A800082B3F26C000CD80AF /* FruitData.swift */ = {isa = PBXFileReference; lastKnownFileType = sourcecode.swift; path = FruitData.swift; sourceTree = "<group>"; };
		64A8000A2B3F2AE800CD80AF /* FruitsRowView.swift */ = {isa = PBXFileReference; lastKnownFileType = sourcecode.swift; path = FruitsRowView.swift; sourceTree = "<group>"; };
		64A8000C2B3F2D4800CD80AF /* FruitDetailView.swift */ = {isa = PBXFileReference; lastKnownFileType = sourcecode.swift; path = FruitDetailView.swift; sourceTree = "<group>"; };
		64A8000E2B3F2F6800CD80AF /* FruitHeaderView.swift */ = {isa = PBXFileReference; lastKnownFileType = sourcecode.swift; path = FruitHeaderView.swift; sourceTree = "<group>"; };
		64A800102B3F30FB00CD80AF /* SourceLinkView.swift */ = {isa = PBXFileReference; lastKnownFileType = sourcecode.swift; path = SourceLinkView.swift; sourceTree = "<group>"; };
		64C61A082B3DF4C400F62287 /* Fruits.app */ = {isa = PBXFileReference; explicitFileType = wrapper.application; includeInIndex = 0; path = Fruits.app; sourceTree = BUILT_PRODUCTS_DIR; };
		64C61A0B2B3DF4C400F62287 /* FruitsApp.swift */ = {isa = PBXFileReference; lastKnownFileType = sourcecode.swift; path = FruitsApp.swift; sourceTree = "<group>"; };
		64C61A0D2B3DF4C400F62287 /* ContentView.swift */ = {isa = PBXFileReference; lastKnownFileType = sourcecode.swift; path = ContentView.swift; sourceTree = "<group>"; };
		64C61A0F2B3DF4C600F62287 /* Assets.xcassets */ = {isa = PBXFileReference; lastKnownFileType = folder.assetcatalog; path = Assets.xcassets; sourceTree = "<group>"; };
		64C61A122B3DF4C600F62287 /* Preview Assets.xcassets */ = {isa = PBXFileReference; lastKnownFileType = folder.assetcatalog; path = "Preview Assets.xcassets"; sourceTree = "<group>"; };
		64C61A1E2B3DF7F500F62287 /* FruitCardView.swift */ = {isa = PBXFileReference; lastKnownFileType = sourcecode.swift; path = FruitCardView.swift; sourceTree = "<group>"; };
		64C61A202B3DFB7D00F62287 /* StartButtonView.swift */ = {isa = PBXFileReference; lastKnownFileType = sourcecode.swift; path = StartButtonView.swift; sourceTree = "<group>"; };
		64C61A222B3DFDE400F62287 /* OnboardingView.swift */ = {isa = PBXFileReference; lastKnownFileType = sourcecode.swift; path = OnboardingView.swift; sourceTree = "<group>"; };
/* End PBXFileReference section */

/* Begin PBXFrameworksBuildPhase section */
		64C61A052B3DF4C400F62287 /* Frameworks */ = {
			isa = PBXFrameworksBuildPhase;
			buildActionMask = 2147483647;
			files = (
			);
			runOnlyForDeploymentPostprocessing = 0;
		};
/* End PBXFrameworksBuildPhase section */

/* Begin PBXGroup section */
		64A800042B3F25BD00CD80AF /* Model */ = {
			isa = PBXGroup;
			children = (
				64A800052B3F25CB00CD80AF /* FruitModel.swift */,
			);
			path = Model;
			sourceTree = "<group>";
		};
		64A800072B3F269700CD80AF /* Data */ = {
			isa = PBXGroup;
			children = (
				64A800082B3F26C000CD80AF /* FruitData.swift */,
			);
			path = Data;
			sourceTree = "<group>";
		};
		64C619FF2B3DF4C400F62287 = {
			isa = PBXGroup;
			children = (
				64C61A0A2B3DF4C400F62287 /* Fruits */,
				64C61A092B3DF4C400F62287 /* Products */,
			);
			sourceTree = "<group>";
		};
		64C61A092B3DF4C400F62287 /* Products */ = {
			isa = PBXGroup;
			children = (
				64C61A082B3DF4C400F62287 /* Fruits.app */,
			);
			name = Products;
			sourceTree = "<group>";
		};
		64C61A0A2B3DF4C400F62287 /* Fruits */ = {
			isa = PBXGroup;
			children = (
				64A800072B3F269700CD80AF /* Data */,
				64A800042B3F25BD00CD80AF /* Model */,
				64C61A1D2B3DF7D400F62287 /* View */,
				64C61A1C2B3DF79B00F62287 /* App */,
				64C61A0F2B3DF4C600F62287 /* Assets.xcassets */,
				64C61A112B3DF4C600F62287 /* Preview Content */,
			);
			path = Fruits;
			sourceTree = "<group>";
		};
		64C61A112B3DF4C600F62287 /* Preview Content */ = {
			isa = PBXGroup;
			children = (
				64C61A122B3DF4C600F62287 /* Preview Assets.xcassets */,
			);
			path = "Preview Content";
			sourceTree = "<group>";
		};
		64C61A1C2B3DF79B00F62287 /* App */ = {
			isa = PBXGroup;
			children = (
				64C61A0B2B3DF4C400F62287 /* FruitsApp.swift */,
				64C61A0D2B3DF4C400F62287 /* ContentView.swift */,
				64C61A222B3DFDE400F62287 /* OnboardingView.swift */,
				64A8000C2B3F2D4800CD80AF /* FruitDetailView.swift */,
			);
			path = App;
			sourceTree = "<group>";
		};
		64C61A1D2B3DF7D400F62287 /* View */ = {
			isa = PBXGroup;
			children = (
				64C61A1E2B3DF7F500F62287 /* FruitCardView.swift */,
				64C61A202B3DFB7D00F62287 /* StartButtonView.swift */,
				64A8000A2B3F2AE800CD80AF /* FruitsRowView.swift */,
				64A8000E2B3F2F6800CD80AF /* FruitHeaderView.swift */,
				64A800102B3F30FB00CD80AF /* SourceLinkView.swift */,
			);
			path = View;
			sourceTree = "<group>";
		};
/* End PBXGroup section */

/* Begin PBXNativeTarget section */
		64C61A072B3DF4C400F62287 /* Fruits */ = {
			isa = PBXNativeTarget;
			buildConfigurationList = 64C61A162B3DF4C600F62287 /* Build configuration list for PBXNativeTarget "Fruits" */;
			buildPhases = (
				64C61A042B3DF4C400F62287 /* Sources */,
				64C61A052B3DF4C400F62287 /* Frameworks */,
				64C61A062B3DF4C400F62287 /* Resources */,
			);
			buildRules = (
			);
			dependencies = (
			);
			name = Fruits;
			productName = Fruits;
			productReference = 64C61A082B3DF4C400F62287 /* Fruits.app */;
			productType = "com.apple.product-type.application";
		};
/* End PBXNativeTarget section */

/* Begin PBXProject section */
		64C61A002B3DF4C400F62287 /* Project object */ = {
			isa = PBXProject;
			attributes = {
				BuildIndependentTargetsInParallel = 1;
				LastSwiftUpdateCheck = 1510;
				LastUpgradeCheck = 1510;
				TargetAttributes = {
					64C61A072B3DF4C400F62287 = {
						CreatedOnToolsVersion = 15.1;
					};
				};
			};
			buildConfigurationList = 64C61A032B3DF4C400F62287 /* Build configuration list for PBXProject "Fruits" */;
			compatibilityVersion = "Xcode 14.0";
			developmentRegion = en;
			hasScannedForEncodings = 0;
			knownRegions = (
				en,
				Base,
			);
			mainGroup = 64C619FF2B3DF4C400F62287;
			productRefGroup = 64C61A092B3DF4C400F62287 /* Products */;
			projectDirPath = "";
			projectRoot = "";
			targets = (
				64C61A072B3DF4C400F62287 /* Fruits */,
			);
		};
/* End PBXProject section */

/* Begin PBXResourcesBuildPhase section */
		64C61A062B3DF4C400F62287 /* Resources */ = {
			isa = PBXResourcesBuildPhase;
			buildActionMask = 2147483647;
			files = (
				64C61A132B3DF4C600F62287 /* Preview Assets.xcassets in Resources */,
				64C61A102B3DF4C600F62287 /* Assets.xcassets in Resources */,
			);
			runOnlyForDeploymentPostprocessing = 0;
		};
/* End PBXResourcesBuildPhase section */

/* Begin PBXSourcesBuildPhase section */
		64C61A042B3DF4C400F62287 /* Sources */ = {
			isa = PBXSourcesBuildPhase;
			buildActionMask = 2147483647;
			files = (
				64A800092B3F26C000CD80AF /* FruitData.swift in Sources */,
				64A800112B3F30FB00CD80AF /* SourceLinkView.swift in Sources */,
				64C61A1F2B3DF7F500F62287 /* FruitCardView.swift in Sources */,
				64C61A212B3DFB7D00F62287 /* StartButtonView.swift in Sources */,
				64C61A0E2B3DF4C400F62287 /* ContentView.swift in Sources */,
				64A8000D2B3F2D4800CD80AF /* FruitDetailView.swift in Sources */,
				64C61A232B3DFDE400F62287 /* OnboardingView.swift in Sources */,
				64A8000F2B3F2F6800CD80AF /* FruitHeaderView.swift in Sources */,
				64A800062B3F25CB00CD80AF /* FruitModel.swift in Sources */,
				64A8000B2B3F2AE800CD80AF /* FruitsRowView.swift in Sources */,
				64C61A0C2B3DF4C400F62287 /* FruitsApp.swift in Sources */,
			);
			runOnlyForDeploymentPostprocessing = 0;
		};
/* End PBXSourcesBuildPhase section */

/* Begin XCBuildConfiguration section */
		64C61A142B3DF4C600F62287 /* Debug */ = {
			isa = XCBuildConfiguration;
			buildSettings = {
				ALWAYS_SEARCH_USER_PATHS = NO;
				ASSETCATALOG_COMPILER_GENERATE_SWIFT_ASSET_SYMBOL_EXTENSIONS = YES;
				CLANG_ANALYZER_NONNULL = YES;
				CLANG_ANALYZER_NUMBER_OBJECT_CONVERSION = YES_AGGRESSIVE;
				CLANG_CXX_LANGUAGE_STANDARD = "gnu++20";
				CLANG_ENABLE_MODULES = YES;
				CLANG_ENABLE_OBJC_ARC = YES;
				CLANG_ENABLE_OBJC_WEAK = YES;
				CLANG_WARN_BLOCK_CAPTURE_AUTORELEASING = YES;
				CLANG_WARN_BOOL_CONVERSION = YES;
				CLANG_WARN_COMMA = YES;
				CLANG_WARN_CONSTANT_CONVERSION = YES;
				CLANG_WARN_DEPRECATED_OBJC_IMPLEMENTATIONS = YES;
				CLANG_WARN_DIRECT_OBJC_ISA_USAGE = YES_ERROR;
				CLANG_WARN_DOCUMENTATION_COMMENTS = YES;
				CLANG_WARN_EMPTY_BODY = YES;
				CLANG_WARN_ENUM_CONVERSION = YES;
				CLANG_WARN_INFINITE_RECURSION = YES;
				CLANG_WARN_INT_CONVERSION = YES;
				CLANG_WARN_NON_LITERAL_NULL_CONVERSION = YES;
				CLANG_WARN_OBJC_IMPLICIT_RETAIN_SELF = YES;
				CLANG_WARN_OBJC_LITERAL_CONVERSION = YES;
				CLANG_WARN_OBJC_ROOT_CLASS = YES_ERROR;
				CLANG_WARN_QUOTED_INCLUDE_IN_FRAMEWORK_HEADER = YES;
				CLANG_WARN_RANGE_LOOP_ANALYSIS = YES;
				CLANG_WARN_STRICT_PROTOTYPES = YES;
				CLANG_WARN_SUSPICIOUS_MOVE = YES;
				CLANG_WARN_UNGUARDED_AVAILABILITY = YES_AGGRESSIVE;
				CLANG_WARN_UNREACHABLE_CODE = YES;
				CLANG_WARN__DUPLICATE_METHOD_MATCH = YES;
				COPY_PHASE_STRIP = NO;
				DEBUG_INFORMATION_FORMAT = dwarf;
				ENABLE_STRICT_OBJC_MSGSEND = YES;
				ENABLE_TESTABILITY = YES;
				ENABLE_USER_SCRIPT_SANDBOXING = YES;
				GCC_C_LANGUAGE_STANDARD = gnu17;
				GCC_DYNAMIC_NO_PIC = NO;
				GCC_NO_COMMON_BLOCKS = YES;
				GCC_OPTIMIZATION_LEVEL = 0;
				GCC_PREPROCESSOR_DEFINITIONS = (
					"DEBUG=1",
					"$(inherited)",
				);
				GCC_WARN_64_TO_32_BIT_CONVERSION = YES;
				GCC_WARN_ABOUT_RETURN_TYPE = YES_ERROR;
				GCC_WARN_UNDECLARED_SELECTOR = YES;
				GCC_WARN_UNINITIALIZED_AUTOS = YES_AGGRESSIVE;
				GCC_WARN_UNUSED_FUNCTION = YES;
				GCC_WARN_UNUSED_VARIABLE = YES;
				IPHONEOS_DEPLOYMENT_TARGET = 17.2;
				LOCALIZATION_PREFERS_STRING_CATALOGS = YES;
				MTL_ENABLE_DEBUG_INFO = INCLUDE_SOURCE;
				MTL_FAST_MATH = YES;
				ONLY_ACTIVE_ARCH = YES;
				SDKROOT = iphoneos;
				SWIFT_ACTIVE_COMPILATION_CONDITIONS = "DEBUG $(inherited)";
				SWIFT_OPTIMIZATION_LEVEL = "-Onone";
			};
			name = Debug;
		};
		64C61A152B3DF4C600F62287 /* Release */ = {
			isa = XCBuildConfiguration;
			buildSettings = {
				ALWAYS_SEARCH_USER_PATHS = NO;
				ASSETCATALOG_COMPILER_GENERATE_SWIFT_ASSET_SYMBOL_EXTENSIONS = YES;
				CLANG_ANALYZER_NONNULL = YES;
				CLANG_ANALYZER_NUMBER_OBJECT_CONVERSION = YES_AGGRESSIVE;
				CLANG_CXX_LANGUAGE_STANDARD = "gnu++20";
				CLANG_ENABLE_MODULES = YES;
				CLANG_ENABLE_OBJC_ARC = YES;
				CLANG_ENABLE_OBJC_WEAK = YES;
				CLANG_WARN_BLOCK_CAPTURE_AUTORELEASING = YES;
				CLANG_WARN_BOOL_CONVERSION = YES;
				CLANG_WARN_COMMA = YES;
				CLANG_WARN_CONSTANT_CONVERSION = YES;
				CLANG_WARN_DEPRECATED_OBJC_IMPLEMENTATIONS = YES;
				CLANG_WARN_DIRECT_OBJC_ISA_USAGE = YES_ERROR;
				CLANG_WARN_DOCUMENTATION_COMMENTS = YES;
				CLANG_WARN_EMPTY_BODY = YES;
				CLANG_WARN_ENUM_CONVERSION = YES;
				CLANG_WARN_INFINITE_RECURSION = YES;
				CLANG_WARN_INT_CONVERSION = YES;
				CLANG_WARN_NON_LITERAL_NULL_CONVERSION = YES;
				CLANG_WARN_OBJC_IMPLICIT_RETAIN_SELF = YES;
				CLANG_WARN_OBJC_LITERAL_CONVERSION = YES;
				CLANG_WARN_OBJC_ROOT_CLASS = YES_ERROR;
				CLANG_WARN_QUOTED_INCLUDE_IN_FRAMEWORK_HEADER = YES;
				CLANG_WARN_RANGE_LOOP_ANALYSIS = YES;
				CLANG_WARN_STRICT_PROTOTYPES = YES;
				CLANG_WARN_SUSPICIOUS_MOVE = YES;
				CLANG_WARN_UNGUARDED_AVAILABILITY = YES_AGGRESSIVE;
				CLANG_WARN_UNREACHABLE_CODE = YES;
				CLANG_WARN__DUPLICATE_METHOD_MATCH = YES;
				COPY_PHASE_STRIP = NO;
				DEBUG_INFORMATION_FORMAT = "dwarf-with-dsym";
				ENABLE_NS_ASSERTIONS = NO;
				ENABLE_STRICT_OBJC_MSGSEND = YES;
				ENABLE_USER_SCRIPT_SANDBOXING = YES;
				GCC_C_LANGUAGE_STANDARD = gnu17;
				GCC_NO_COMMON_BLOCKS = YES;
				GCC_WARN_64_TO_32_BIT_CONVERSION = YES;
				GCC_WARN_ABOUT_RETURN_TYPE = YES_ERROR;
				GCC_WARN_UNDECLARED_SELECTOR = YES;
				GCC_WARN_UNINITIALIZED_AUTOS = YES_AGGRESSIVE;
				GCC_WARN_UNUSED_FUNCTION = YES;
				GCC_WARN_UNUSED_VARIABLE = YES;
				IPHONEOS_DEPLOYMENT_TARGET = 17.2;
				LOCALIZATION_PREFERS_STRING_CATALOGS = YES;
				MTL_ENABLE_DEBUG_INFO = NO;
				MTL_FAST_MATH = YES;
				SDKROOT = iphoneos;
				SWIFT_COMPILATION_MODE = wholemodule;
				VALIDATE_PRODUCT = YES;
			};
			name = Release;
		};
		64C61A172B3DF4C600F62287 /* Debug */ = {
			isa = XCBuildConfiguration;
			buildSettings = {
				ASSETCATALOG_COMPILER_APPICON_NAME = AppIcon;
				ASSETCATALOG_COMPILER_GLOBAL_ACCENT_COLOR_NAME = AccentColor;
				CODE_SIGN_STYLE = Automatic;
				CURRENT_PROJECT_VERSION = 1;
				DEVELOPMENT_ASSET_PATHS = "\"Fruits/Preview Content\"";
				DEVELOPMENT_TEAM = KKR332Q2BZ;
				ENABLE_PREVIEWS = YES;
				GENERATE_INFOPLIST_FILE = YES;
				INFOPLIST_KEY_UIApplicationSceneManifest_Generation = YES;
				INFOPLIST_KEY_UIApplicationSupportsIndirectInputEvents = YES;
				INFOPLIST_KEY_UILaunchScreen_Generation = YES;
				INFOPLIST_KEY_UISupportedInterfaceOrientations_iPad = "UIInterfaceOrientationPortrait UIInterfaceOrientationPortraitUpsideDown UIInterfaceOrientationLandscapeLeft UIInterfaceOrientationLandscapeRight";
				INFOPLIST_KEY_UISupportedInterfaceOrientations_iPhone = "UIInterfaceOrientationPortrait UIInterfaceOrientationLandscapeLeft UIInterfaceOrientationLandscapeRight";
				LD_RUNPATH_SEARCH_PATHS = (
					"$(inherited)",
					"@executable_path/Frameworks",
				);
				MARKETING_VERSION = 1.0;
				PRODUCT_BUNDLE_IDENTIFIER = none.Fruits;
				PRODUCT_NAME = "$(TARGET_NAME)";
				SWIFT_EMIT_LOC_STRINGS = YES;
				SWIFT_VERSION = 5.0;
				TARGETED_DEVICE_FAMILY = "1,2";
			};
			name = Debug;
		};
		64C61A182B3DF4C600F62287 /* Release */ = {
			isa = XCBuildConfiguration;
			buildSettings = {
				ASSETCATALOG_COMPILER_APPICON_NAME = AppIcon;
				ASSETCATALOG_COMPILER_GLOBAL_ACCENT_COLOR_NAME = AccentColor;
				CODE_SIGN_STYLE = Automatic;
				CURRENT_PROJECT_VERSION = 1;
				DEVELOPMENT_ASSET_PATHS = "\"Fruits/Preview Content\"";
				DEVELOPMENT_TEAM = KKR332Q2BZ;
				ENABLE_PREVIEWS = YES;
				GENERATE_INFOPLIST_FILE = YES;
				INFOPLIST_KEY_UIApplicationSceneManifest_Generation = YES;
				INFOPLIST_KEY_UIApplicationSupportsIndirectInputEvents = YES;
				INFOPLIST_KEY_UILaunchScreen_Generation = YES;
				INFOPLIST_KEY_UISupportedInterfaceOrientations_iPad = "UIInterfaceOrientationPortrait UIInterfaceOrientationPortraitUpsideDown UIInterfaceOrientationLandscapeLeft UIInterfaceOrientationLandscapeRight";
				INFOPLIST_KEY_UISupportedInterfaceOrientations_iPhone = "UIInterfaceOrientationPortrait UIInterfaceOrientationLandscapeLeft UIInterfaceOrientationLandscapeRight";
				LD_RUNPATH_SEARCH_PATHS = (
					"$(inherited)",
					"@executable_path/Frameworks",
				);
				MARKETING_VERSION = 1.0;
				PRODUCT_BUNDLE_IDENTIFIER = none.Fruits;
				PRODUCT_NAME = "$(TARGET_NAME)";
				SWIFT_EMIT_LOC_STRINGS = YES;
				SWIFT_VERSION = 5.0;
				TARGETED_DEVICE_FAMILY = "1,2";
			};
			name = Release;
		};
/* End XCBuildConfiguration section */

/* Begin XCConfigurationList section */
		64C61A032B3DF4C400F62287 /* Build configuration list for PBXProject "Fruits" */ = {
			isa = XCConfigurationList;
			buildConfigurations = (
				64C61A142B3DF4C600F62287 /* Debug */,
				64C61A152B3DF4C600F62287 /* Release */,
			);
			defaultConfigurationIsVisible = 0;
			defaultConfigurationName = Release;
		};
		64C61A162B3DF4C600F62287 /* Build configuration list for PBXNativeTarget "Fruits" */ = {
			isa = XCConfigurationList;
			buildConfigurations = (
				64C61A172B3DF4C600F62287 /* Debug */,
				64C61A182B3DF4C600F62287 /* Release */,
			);
			defaultConfigurationIsVisible = 0;
			defaultConfigurationName = Release;
		};
/* End XCConfigurationList section */
	};
	rootObject = 64C61A002B3DF4C400F62287 /* Project object */;
}
