// !$*UTF8*$!
{
	archiveVersion = 1;
	classes = {
	};
	objectVersion = 56;
	objects = {

/* Begin PBXBuildFile section */
		6423C9642B45C39700371813 /* VideosModel.swift in Sources */ = {isa = PBXBuildFile; fileRef = 6423C9632B45C39700371813 /* VideosModel.swift */; };
		6423C9662B45C3EB00371813 /* VideoListItemView.swift in Sources */ = {isa = PBXBuildFile; fileRef = 6423C9652B45C3EB00371813 /* VideoListItemView.swift */; };
		645910D42B43F00600389140 /* AfricaApp.swift in Sources */ = {isa = PBXBuildFile; fileRef = 645910D32B43F00600389140 /* AfricaApp.swift */; };
		645910D62B43F00600389140 /* ContentView.swift in Sources */ = {isa = PBXBuildFile; fileRef = 645910D52B43F00600389140 /* ContentView.swift */; };
		645910D82B43F00800389140 /* Assets.xcassets in Resources */ = {isa = PBXBuildFile; fileRef = 645910D72B43F00800389140 /* Assets.xcassets */; };
		645910DB2B43F00800389140 /* Preview Assets.xcassets in Resources */ = {isa = PBXBuildFile; fileRef = 645910DA2B43F00800389140 /* Preview Assets.xcassets */; };
		645910EC2B43F26700389140 /* elephant.mp4 in Resources */ = {isa = PBXBuildFile; fileRef = 645910E22B43F26200389140 /* elephant.mp4 */; };
		645910ED2B43F26700389140 /* rhino.mp4 in Resources */ = {isa = PBXBuildFile; fileRef = 645910E32B43F26300389140 /* rhino.mp4 */; };
		645910EE2B43F26700389140 /* cheetah.mp4 in Resources */ = {isa = PBXBuildFile; fileRef = 645910E42B43F26400389140 /* cheetah.mp4 */; };
		645910EF2B43F26700389140 /* lion.mp4 in Resources */ = {isa = PBXBuildFile; fileRef = 645910E52B43F26400389140 /* lion.mp4 */; };
		645910F02B43F26700389140 /* gorilla.mp4 in Resources */ = {isa = PBXBuildFile; fileRef = 645910E62B43F26500389140 /* gorilla.mp4 */; };
		645910F12B43F26700389140 /* lioness.mp4 in Resources */ = {isa = PBXBuildFile; fileRef = 645910E72B43F26500389140 /* lioness.mp4 */; };
		645910F22B43F26700389140 /* zebra.mp4 in Resources */ = {isa = PBXBuildFile; fileRef = 645910E82B43F26600389140 /* zebra.mp4 */; };
		645910F32B43F26700389140 /* giraffe.mp4 in Resources */ = {isa = PBXBuildFile; fileRef = 645910E92B43F26600389140 /* giraffe.mp4 */; };
		645910F42B43F26700389140 /* ostrich.mp4 in Resources */ = {isa = PBXBuildFile; fileRef = 645910EA2B43F26700389140 /* ostrich.mp4 */; };
		645910F52B43F26700389140 /* hippo.mp4 in Resources */ = {isa = PBXBuildFile; fileRef = 645910EB2B43F26700389140 /* hippo.mp4 */; };
		645910FB2B43F29100389140 /* locations.json in Resources */ = {isa = PBXBuildFile; fileRef = 645910F72B43F29000389140 /* locations.json */; };
		645910FC2B43F29100389140 /* animals.json in Resources */ = {isa = PBXBuildFile; fileRef = 645910F82B43F29100389140 /* animals.json */; };
		645910FD2B43F29100389140 /* videos.json in Resources */ = {isa = PBXBuildFile; fileRef = 645910F92B43F29100389140 /* videos.json */; };
		645910FE2B43F29100389140 /* covers.json in Resources */ = {isa = PBXBuildFile; fileRef = 645910FA2B43F29100389140 /* covers.json */; };
		645911022B43F53A00389140 /* VideoListView.swift in Sources */ = {isa = PBXBuildFile; fileRef = 645911012B43F53A00389140 /* VideoListView.swift */; };
		645911042B43F54D00389140 /* MapView.swift in Sources */ = {isa = PBXBuildFile; fileRef = 645911032B43F54D00389140 /* MapView.swift */; };
		645911062B43F55700389140 /* GalleryView.swift in Sources */ = {isa = PBXBuildFile; fileRef = 645911052B43F55700389140 /* GalleryView.swift */; };
		645911082B43F56300389140 /* MainView.swift in Sources */ = {isa = PBXBuildFile; fileRef = 645911072B43F56300389140 /* MainView.swift */; };
		6459110B2B43F7C500389140 /* CoverImageView.swift in Sources */ = {isa = PBXBuildFile; fileRef = 6459110A2B43F7C500389140 /* CoverImageView.swift */; };
		6459110E2B43FAB600389140 /* CoverImageModel.swift in Sources */ = {isa = PBXBuildFile; fileRef = 6459110D2B43FAB600389140 /* CoverImageModel.swift */; };
		645911112B43FB5200389140 /* CodableBundleExtenstion.swift in Sources */ = {isa = PBXBuildFile; fileRef = 645911102B43FB5200389140 /* CodableBundleExtenstion.swift */; };
		645911132B43FEB600389140 /* AnimalListItemView.swift in Sources */ = {isa = PBXBuildFile; fileRef = 645911122B43FEB600389140 /* AnimalListItemView.swift */; };
		645911152B43FFE700389140 /* AnimalsModel.swift in Sources */ = {isa = PBXBuildFile; fileRef = 645911142B43FFE700389140 /* AnimalsModel.swift */; };
		645911172B44021600389140 /* AnimalDetailView.swift in Sources */ = {isa = PBXBuildFile; fileRef = 645911162B44021600389140 /* AnimalDetailView.swift */; };
		645911192B44037400389140 /* HeadingView.swift in Sources */ = {isa = PBXBuildFile; fileRef = 645911182B44037400389140 /* HeadingView.swift */; };
		6459111B2B44044400389140 /* InsetGalleryView.swift in Sources */ = {isa = PBXBuildFile; fileRef = 6459111A2B44044400389140 /* InsetGalleryView.swift */; };
		6459111D2B4488F900389140 /* InsetFactView.swift in Sources */ = {isa = PBXBuildFile; fileRef = 6459111C2B4488F900389140 /* InsetFactView.swift */; };
		6459111F2B448A3200389140 /* InsetMapView.swift in Sources */ = {isa = PBXBuildFile; fileRef = 6459111E2B448A3200389140 /* InsetMapView.swift */; };
		645911212B448C6C00389140 /* ExternalWeblink.swift in Sources */ = {isa = PBXBuildFile; fileRef = 645911202B448C6C00389140 /* ExternalWeblink.swift */; };
/* End PBXBuildFile section */

/* Begin PBXFileReference section */
		6423C9632B45C39700371813 /* VideosModel.swift */ = {isa = PBXFileReference; lastKnownFileType = sourcecode.swift; path = VideosModel.swift; sourceTree = "<group>"; };
		6423C9652B45C3EB00371813 /* VideoListItemView.swift */ = {isa = PBXFileReference; lastKnownFileType = sourcecode.swift; path = VideoListItemView.swift; sourceTree = "<group>"; };
		645910D02B43F00600389140 /* Africa.app */ = {isa = PBXFileReference; explicitFileType = wrapper.application; includeInIndex = 0; path = Africa.app; sourceTree = BUILT_PRODUCTS_DIR; };
		645910D32B43F00600389140 /* AfricaApp.swift */ = {isa = PBXFileReference; lastKnownFileType = sourcecode.swift; path = AfricaApp.swift; sourceTree = "<group>"; };
		645910D52B43F00600389140 /* ContentView.swift */ = {isa = PBXFileReference; lastKnownFileType = sourcecode.swift; path = ContentView.swift; sourceTree = "<group>"; };
		645910D72B43F00800389140 /* Assets.xcassets */ = {isa = PBXFileReference; lastKnownFileType = folder.assetcatalog; path = Assets.xcassets; sourceTree = "<group>"; };
		645910DA2B43F00800389140 /* Preview Assets.xcassets */ = {isa = PBXFileReference; lastKnownFileType = folder.assetcatalog; path = "Preview Assets.xcassets"; sourceTree = "<group>"; };
		645910E22B43F26200389140 /* elephant.mp4 */ = {isa = PBXFileReference; lastKnownFileType = file; path = elephant.mp4; sourceTree = "<group>"; };
		645910E32B43F26300389140 /* rhino.mp4 */ = {isa = PBXFileReference; lastKnownFileType = file; path = rhino.mp4; sourceTree = "<group>"; };
		645910E42B43F26400389140 /* cheetah.mp4 */ = {isa = PBXFileReference; lastKnownFileType = file; path = cheetah.mp4; sourceTree = "<group>"; };
		645910E52B43F26400389140 /* lion.mp4 */ = {isa = PBXFileReference; lastKnownFileType = file; path = lion.mp4; sourceTree = "<group>"; };
		645910E62B43F26500389140 /* gorilla.mp4 */ = {isa = PBXFileReference; lastKnownFileType = file; path = gorilla.mp4; sourceTree = "<group>"; };
		645910E72B43F26500389140 /* lioness.mp4 */ = {isa = PBXFileReference; lastKnownFileType = file; path = lioness.mp4; sourceTree = "<group>"; };
		645910E82B43F26600389140 /* zebra.mp4 */ = {isa = PBXFileReference; lastKnownFileType = file; path = zebra.mp4; sourceTree = "<group>"; };
		645910E92B43F26600389140 /* giraffe.mp4 */ = {isa = PBXFileReference; lastKnownFileType = file; path = giraffe.mp4; sourceTree = "<group>"; };
		645910EA2B43F26700389140 /* ostrich.mp4 */ = {isa = PBXFileReference; lastKnownFileType = file; path = ostrich.mp4; sourceTree = "<group>"; };
		645910EB2B43F26700389140 /* hippo.mp4 */ = {isa = PBXFileReference; lastKnownFileType = file; path = hippo.mp4; sourceTree = "<group>"; };
		645910F72B43F29000389140 /* locations.json */ = {isa = PBXFileReference; fileEncoding = 4; lastKnownFileType = text.json; path = locations.json; sourceTree = "<group>"; };
		645910F82B43F29100389140 /* animals.json */ = {isa = PBXFileReference; fileEncoding = 4; lastKnownFileType = text.json; path = animals.json; sourceTree = "<group>"; };
		645910F92B43F29100389140 /* videos.json */ = {isa = PBXFileReference; fileEncoding = 4; lastKnownFileType = text.json; path = videos.json; sourceTree = "<group>"; };
		645910FA2B43F29100389140 /* covers.json */ = {isa = PBXFileReference; fileEncoding = 4; lastKnownFileType = text.json; path = covers.json; sourceTree = "<group>"; };
		645910FF2B43F34C00389140 /* Info.plist */ = {isa = PBXFileReference; lastKnownFileType = text.plist; path = Info.plist; sourceTree = "<group>"; };
		645911012B43F53A00389140 /* VideoListView.swift */ = {isa = PBXFileReference; lastKnownFileType = sourcecode.swift; path = VideoListView.swift; sourceTree = "<group>"; };
		645911032B43F54D00389140 /* MapView.swift */ = {isa = PBXFileReference; lastKnownFileType = sourcecode.swift; path = MapView.swift; sourceTree = "<group>"; };
		645911052B43F55700389140 /* GalleryView.swift */ = {isa = PBXFileReference; lastKnownFileType = sourcecode.swift; path = GalleryView.swift; sourceTree = "<group>"; };
		645911072B43F56300389140 /* MainView.swift */ = {isa = PBXFileReference; lastKnownFileType = sourcecode.swift; path = MainView.swift; sourceTree = "<group>"; };
		6459110A2B43F7C500389140 /* CoverImageView.swift */ = {isa = PBXFileReference; lastKnownFileType = sourcecode.swift; path = CoverImageView.swift; sourceTree = "<group>"; };
		6459110D2B43FAB600389140 /* CoverImageModel.swift */ = {isa = PBXFileReference; lastKnownFileType = sourcecode.swift; path = CoverImageModel.swift; sourceTree = "<group>"; };
		645911102B43FB5200389140 /* CodableBundleExtenstion.swift */ = {isa = PBXFileReference; lastKnownFileType = sourcecode.swift; path = CodableBundleExtenstion.swift; sourceTree = "<group>"; };
		645911122B43FEB600389140 /* AnimalListItemView.swift */ = {isa = PBXFileReference; lastKnownFileType = sourcecode.swift; path = AnimalListItemView.swift; sourceTree = "<group>"; };
		645911142B43FFE700389140 /* AnimalsModel.swift */ = {isa = PBXFileReference; lastKnownFileType = sourcecode.swift; path = AnimalsModel.swift; sourceTree = "<group>"; };
		645911162B44021600389140 /* AnimalDetailView.swift */ = {isa = PBXFileReference; lastKnownFileType = sourcecode.swift; path = AnimalDetailView.swift; sourceTree = "<group>"; };
		645911182B44037400389140 /* HeadingView.swift */ = {isa = PBXFileReference; lastKnownFileType = sourcecode.swift; path = HeadingView.swift; sourceTree = "<group>"; };
		6459111A2B44044400389140 /* InsetGalleryView.swift */ = {isa = PBXFileReference; lastKnownFileType = sourcecode.swift; path = InsetGalleryView.swift; sourceTree = "<group>"; };
		6459111C2B4488F900389140 /* InsetFactView.swift */ = {isa = PBXFileReference; lastKnownFileType = sourcecode.swift; path = InsetFactView.swift; sourceTree = "<group>"; };
		6459111E2B448A3200389140 /* InsetMapView.swift */ = {isa = PBXFileReference; lastKnownFileType = sourcecode.swift; path = InsetMapView.swift; sourceTree = "<group>"; };
		645911202B448C6C00389140 /* ExternalWeblink.swift */ = {isa = PBXFileReference; lastKnownFileType = sourcecode.swift; path = ExternalWeblink.swift; sourceTree = "<group>"; };
/* End PBXFileReference section */

/* Begin PBXFrameworksBuildPhase section */
		645910CD2B43F00600389140 /* Frameworks */ = {
			isa = PBXFrameworksBuildPhase;
			buildActionMask = 2147483647;
			files = (
			);
			runOnlyForDeploymentPostprocessing = 0;
		};
/* End PBXFrameworksBuildPhase section */

/* Begin PBXGroup section */
		645910C72B43F00600389140 = {
			isa = PBXGroup;
			children = (
				645910D22B43F00600389140 /* Africa */,
				645910D12B43F00600389140 /* Products */,
			);
			sourceTree = "<group>";
		};
		645910D12B43F00600389140 /* Products */ = {
			isa = PBXGroup;
			children = (
				645910D02B43F00600389140 /* Africa.app */,
			);
			name = Products;
			sourceTree = "<group>";
		};
		645910D22B43F00600389140 /* Africa */ = {
			isa = PBXGroup;
			children = (
				6459110F2B43FB4100389140 /* Extension */,
				6459110C2B43FAA700389140 /* Model */,
				645911092B43F7B800389140 /* View */,
				645911002B43F50C00389140 /* App */,
				645910FF2B43F34C00389140 /* Info.plist */,
				645910F62B43F28500389140 /* Data */,
				645910E12B43F23C00389140 /* Video */,
				645910D72B43F00800389140 /* Assets.xcassets */,
				645910D92B43F00800389140 /* Preview Content */,
			);
			path = Africa;
			sourceTree = "<group>";
		};
		645910D92B43F00800389140 /* Preview Content */ = {
			isa = PBXGroup;
			children = (
				645910DA2B43F00800389140 /* Preview Assets.xcassets */,
			);
			path = "Preview Content";
			sourceTree = "<group>";
		};
		645910E12B43F23C00389140 /* Video */ = {
			isa = PBXGroup;
			children = (
				645910E42B43F26400389140 /* cheetah.mp4 */,
				645910E22B43F26200389140 /* elephant.mp4 */,
				645910E92B43F26600389140 /* giraffe.mp4 */,
				645910E62B43F26500389140 /* gorilla.mp4 */,
				645910EB2B43F26700389140 /* hippo.mp4 */,
				645910E52B43F26400389140 /* lion.mp4 */,
				645910E72B43F26500389140 /* lioness.mp4 */,
				645910EA2B43F26700389140 /* ostrich.mp4 */,
				645910E32B43F26300389140 /* rhino.mp4 */,
				645910E82B43F26600389140 /* zebra.mp4 */,
			);
			path = Video;
			sourceTree = "<group>";
		};
		645910F62B43F28500389140 /* Data */ = {
			isa = PBXGroup;
			children = (
				645910F82B43F29100389140 /* animals.json */,
				645910FA2B43F29100389140 /* covers.json */,
				645910F72B43F29000389140 /* locations.json */,
				645910F92B43F29100389140 /* videos.json */,
			);
			path = Data;
			sourceTree = "<group>";
		};
		645911002B43F50C00389140 /* App */ = {
			isa = PBXGroup;
			children = (
				645910D32B43F00600389140 /* AfricaApp.swift */,
				645910D52B43F00600389140 /* ContentView.swift */,
				645911012B43F53A00389140 /* VideoListView.swift */,
				645911032B43F54D00389140 /* MapView.swift */,
				645911052B43F55700389140 /* GalleryView.swift */,
				645911072B43F56300389140 /* MainView.swift */,
			);
			path = App;
			sourceTree = "<group>";
		};
		645911092B43F7B800389140 /* View */ = {
			isa = PBXGroup;
			children = (
				6459110A2B43F7C500389140 /* CoverImageView.swift */,
				645911122B43FEB600389140 /* AnimalListItemView.swift */,
				645911162B44021600389140 /* AnimalDetailView.swift */,
				645911202B448C6C00389140 /* ExternalWeblink.swift */,
				6459111E2B448A3200389140 /* InsetMapView.swift */,
				6459111C2B4488F900389140 /* InsetFactView.swift */,
				6459111A2B44044400389140 /* InsetGalleryView.swift */,
				645911182B44037400389140 /* HeadingView.swift */,
				6423C9652B45C3EB00371813 /* VideoListItemView.swift */,
			);
			path = View;
			sourceTree = "<group>";
		};
		6459110C2B43FAA700389140 /* Model */ = {
			isa = PBXGroup;
			children = (
				6459110D2B43FAB600389140 /* CoverImageModel.swift */,
				645911142B43FFE700389140 /* AnimalsModel.swift */,
				6423C9632B45C39700371813 /* VideosModel.swift */,
			);
			path = Model;
			sourceTree = "<group>";
		};
		6459110F2B43FB4100389140 /* Extension */ = {
			isa = PBXGroup;
			children = (
				645911102B43FB5200389140 /* CodableBundleExtenstion.swift */,
			);
			path = Extension;
			sourceTree = "<group>";
		};
/* End PBXGroup section */

/* Begin PBXNativeTarget section */
		645910CF2B43F00600389140 /* Africa */ = {
			isa = PBXNativeTarget;
			buildConfigurationList = 645910DE2B43F00800389140 /* Build configuration list for PBXNativeTarget "Africa" */;
			buildPhases = (
				645910CC2B43F00600389140 /* Sources */,
				645910CD2B43F00600389140 /* Frameworks */,
				645910CE2B43F00600389140 /* Resources */,
			);
			buildRules = (
			);
			dependencies = (
			);
			name = Africa;
			productName = Africa;
			productReference = 645910D02B43F00600389140 /* Africa.app */;
			productType = "com.apple.product-type.application";
		};
/* End PBXNativeTarget section */

/* Begin PBXProject section */
		645910C82B43F00600389140 /* Project object */ = {
			isa = PBXProject;
			attributes = {
				BuildIndependentTargetsInParallel = 1;
				LastSwiftUpdateCheck = 1510;
				LastUpgradeCheck = 1510;
				TargetAttributes = {
					645910CF2B43F00600389140 = {
						CreatedOnToolsVersion = 15.1;
					};
				};
			};
			buildConfigurationList = 645910CB2B43F00600389140 /* Build configuration list for PBXProject "Africa" */;
			compatibilityVersion = "Xcode 14.0";
			developmentRegion = en;
			hasScannedForEncodings = 0;
			knownRegions = (
				en,
				Base,
			);
			mainGroup = 645910C72B43F00600389140;
			productRefGroup = 645910D12B43F00600389140 /* Products */;
			projectDirPath = "";
			projectRoot = "";
			targets = (
				645910CF2B43F00600389140 /* Africa */,
			);
		};
/* End PBXProject section */

/* Begin PBXResourcesBuildPhase section */
		645910CE2B43F00600389140 /* Resources */ = {
			isa = PBXResourcesBuildPhase;
			buildActionMask = 2147483647;
			files = (
				645910FB2B43F29100389140 /* locations.json in Resources */,
				645910ED2B43F26700389140 /* rhino.mp4 in Resources */,
				645910FD2B43F29100389140 /* videos.json in Resources */,
				645910EF2B43F26700389140 /* lion.mp4 in Resources */,
				645910EE2B43F26700389140 /* cheetah.mp4 in Resources */,
				645910FE2B43F29100389140 /* covers.json in Resources */,
				645910F02B43F26700389140 /* gorilla.mp4 in Resources */,
				645910F52B43F26700389140 /* hippo.mp4 in Resources */,
				645910F32B43F26700389140 /* giraffe.mp4 in Resources */,
				645910FC2B43F29100389140 /* animals.json in Resources */,
				645910DB2B43F00800389140 /* Preview Assets.xcassets in Resources */,
				645910D82B43F00800389140 /* Assets.xcassets in Resources */,
				645910EC2B43F26700389140 /* elephant.mp4 in Resources */,
				645910F22B43F26700389140 /* zebra.mp4 in Resources */,
				645910F12B43F26700389140 /* lioness.mp4 in Resources */,
				645910F42B43F26700389140 /* ostrich.mp4 in Resources */,
			);
			runOnlyForDeploymentPostprocessing = 0;
		};
/* End PBXResourcesBuildPhase section */

/* Begin PBXSourcesBuildPhase section */
		645910CC2B43F00600389140 /* Sources */ = {
			isa = PBXSourcesBuildPhase;
			buildActionMask = 2147483647;
			files = (
				645910D62B43F00600389140 /* ContentView.swift in Sources */,
				645911132B43FEB600389140 /* AnimalListItemView.swift in Sources */,
				645911082B43F56300389140 /* MainView.swift in Sources */,
				6423C9642B45C39700371813 /* VideosModel.swift in Sources */,
				6459111D2B4488F900389140 /* InsetFactView.swift in Sources */,
				6459110B2B43F7C500389140 /* CoverImageView.swift in Sources */,
				645911112B43FB5200389140 /* CodableBundleExtenstion.swift in Sources */,
				645911172B44021600389140 /* AnimalDetailView.swift in Sources */,
				6459110E2B43FAB600389140 /* CoverImageModel.swift in Sources */,
				645911042B43F54D00389140 /* MapView.swift in Sources */,
				6459111F2B448A3200389140 /* InsetMapView.swift in Sources */,
				645910D42B43F00600389140 /* AfricaApp.swift in Sources */,
				645911022B43F53A00389140 /* VideoListView.swift in Sources */,
				645911062B43F55700389140 /* GalleryView.swift in Sources */,
				6459111B2B44044400389140 /* InsetGalleryView.swift in Sources */,
				645911152B43FFE700389140 /* AnimalsModel.swift in Sources */,
				6423C9662B45C3EB00371813 /* VideoListItemView.swift in Sources */,
				645911212B448C6C00389140 /* ExternalWeblink.swift in Sources */,
				645911192B44037400389140 /* HeadingView.swift in Sources */,
			);
			runOnlyForDeploymentPostprocessing = 0;
		};
/* End PBXSourcesBuildPhase section */

/* Begin XCBuildConfiguration section */
		645910DC2B43F00800389140 /* Debug */ = {
			isa = XCBuildConfiguration;
			buildSettings = {
				ALWAYS_SEARCH_USER_PATHS = NO;
				ASSETCATALOG_COMPILER_GENERATE_SWIFT_ASSET_SYMBOL_EXTENSIONS = YES;
				CLANG_ANALYZER_NONNULL = YES;
				CLANG_ANALYZER_NUMBER_OBJECT_CONVERSION = YES_AGGRESSIVE;
				CLANG_CXX_LANGUAGE_STANDARD = "gnu++20";
				CLANG_ENABLE_MODULES = YES;
				CLANG_ENABLE_OBJC_ARC = YES;
				CLANG_ENABLE_OBJC_WEAK = YES;
				CLANG_WARN_BLOCK_CAPTURE_AUTORELEASING = YES;
				CLANG_WARN_BOOL_CONVERSION = YES;
				CLANG_WARN_COMMA = YES;
				CLANG_WARN_CONSTANT_CONVERSION = YES;
				CLANG_WARN_DEPRECATED_OBJC_IMPLEMENTATIONS = YES;
				CLANG_WARN_DIRECT_OBJC_ISA_USAGE = YES_ERROR;
				CLANG_WARN_DOCUMENTATION_COMMENTS = YES;
				CLANG_WARN_EMPTY_BODY = YES;
				CLANG_WARN_ENUM_CONVERSION = YES;
				CLANG_WARN_INFINITE_RECURSION = YES;
				CLANG_WARN_INT_CONVERSION = YES;
				CLANG_WARN_NON_LITERAL_NULL_CONVERSION = YES;
				CLANG_WARN_OBJC_IMPLICIT_RETAIN_SELF = YES;
				CLANG_WARN_OBJC_LITERAL_CONVERSION = YES;
				CLANG_WARN_OBJC_ROOT_CLASS = YES_ERROR;
				CLANG_WARN_QUOTED_INCLUDE_IN_FRAMEWORK_HEADER = YES;
				CLANG_WARN_RANGE_LOOP_ANALYSIS = YES;
				CLANG_WARN_STRICT_PROTOTYPES = YES;
				CLANG_WARN_SUSPICIOUS_MOVE = YES;
				CLANG_WARN_UNGUARDED_AVAILABILITY = YES_AGGRESSIVE;
				CLANG_WARN_UNREACHABLE_CODE = YES;
				CLANG_WARN__DUPLICATE_METHOD_MATCH = YES;
				COPY_PHASE_STRIP = NO;
				DEBUG_INFORMATION_FORMAT = dwarf;
				ENABLE_STRICT_OBJC_MSGSEND = YES;
				ENABLE_TESTABILITY = YES;
				ENABLE_USER_SCRIPT_SANDBOXING = YES;
				GCC_C_LANGUAGE_STANDARD = gnu17;
				GCC_DYNAMIC_NO_PIC = NO;
				GCC_NO_COMMON_BLOCKS = YES;
				GCC_OPTIMIZATION_LEVEL = 0;
				GCC_PREPROCESSOR_DEFINITIONS = (
					"DEBUG=1",
					"$(inherited)",
				);
				GCC_WARN_64_TO_32_BIT_CONVERSION = YES;
				GCC_WARN_ABOUT_RETURN_TYPE = YES_ERROR;
				GCC_WARN_UNDECLARED_SELECTOR = YES;
				GCC_WARN_UNINITIALIZED_AUTOS = YES_AGGRESSIVE;
				GCC_WARN_UNUSED_FUNCTION = YES;
				GCC_WARN_UNUSED_VARIABLE = YES;
				IPHONEOS_DEPLOYMENT_TARGET = 17.2;
				LOCALIZATION_PREFERS_STRING_CATALOGS = YES;
				MTL_ENABLE_DEBUG_INFO = INCLUDE_SOURCE;
				MTL_FAST_MATH = YES;
				ONLY_ACTIVE_ARCH = YES;
				SDKROOT = iphoneos;
				SWIFT_ACTIVE_COMPILATION_CONDITIONS = "DEBUG $(inherited)";
				SWIFT_OPTIMIZATION_LEVEL = "-Onone";
			};
			name = Debug;
		};
		645910DD2B43F00800389140 /* Release */ = {
			isa = XCBuildConfiguration;
			buildSettings = {
				ALWAYS_SEARCH_USER_PATHS = NO;
				ASSETCATALOG_COMPILER_GENERATE_SWIFT_ASSET_SYMBOL_EXTENSIONS = YES;
				CLANG_ANALYZER_NONNULL = YES;
				CLANG_ANALYZER_NUMBER_OBJECT_CONVERSION = YES_AGGRESSIVE;
				CLANG_CXX_LANGUAGE_STANDARD = "gnu++20";
				CLANG_ENABLE_MODULES = YES;
				CLANG_ENABLE_OBJC_ARC = YES;
				CLANG_ENABLE_OBJC_WEAK = YES;
				CLANG_WARN_BLOCK_CAPTURE_AUTORELEASING = YES;
				CLANG_WARN_BOOL_CONVERSION = YES;
				CLANG_WARN_COMMA = YES;
				CLANG_WARN_CONSTANT_CONVERSION = YES;
				CLANG_WARN_DEPRECATED_OBJC_IMPLEMENTATIONS = YES;
				CLANG_WARN_DIRECT_OBJC_ISA_USAGE = YES_ERROR;
				CLANG_WARN_DOCUMENTATION_COMMENTS = YES;
				CLANG_WARN_EMPTY_BODY = YES;
				CLANG_WARN_ENUM_CONVERSION = YES;
				CLANG_WARN_INFINITE_RECURSION = YES;
				CLANG_WARN_INT_CONVERSION = YES;
				CLANG_WARN_NON_LITERAL_NULL_CONVERSION = YES;
				CLANG_WARN_OBJC_IMPLICIT_RETAIN_SELF = YES;
				CLANG_WARN_OBJC_LITERAL_CONVERSION = YES;
				CLANG_WARN_OBJC_ROOT_CLASS = YES_ERROR;
				CLANG_WARN_QUOTED_INCLUDE_IN_FRAMEWORK_HEADER = YES;
				CLANG_WARN_RANGE_LOOP_ANALYSIS = YES;
				CLANG_WARN_STRICT_PROTOTYPES = YES;
				CLANG_WARN_SUSPICIOUS_MOVE = YES;
				CLANG_WARN_UNGUARDED_AVAILABILITY = YES_AGGRESSIVE;
				CLANG_WARN_UNREACHABLE_CODE = YES;
				CLANG_WARN__DUPLICATE_METHOD_MATCH = YES;
				COPY_PHASE_STRIP = NO;
				DEBUG_INFORMATION_FORMAT = "dwarf-with-dsym";
				ENABLE_NS_ASSERTIONS = NO;
				ENABLE_STRICT_OBJC_MSGSEND = YES;
				ENABLE_USER_SCRIPT_SANDBOXING = YES;
				GCC_C_LANGUAGE_STANDARD = gnu17;
				GCC_NO_COMMON_BLOCKS = YES;
				GCC_WARN_64_TO_32_BIT_CONVERSION = YES;
				GCC_WARN_ABOUT_RETURN_TYPE = YES_ERROR;
				GCC_WARN_UNDECLARED_SELECTOR = YES;
				GCC_WARN_UNINITIALIZED_AUTOS = YES_AGGRESSIVE;
				GCC_WARN_UNUSED_FUNCTION = YES;
				GCC_WARN_UNUSED_VARIABLE = YES;
				IPHONEOS_DEPLOYMENT_TARGET = 17.2;
				LOCALIZATION_PREFERS_STRING_CATALOGS = YES;
				MTL_ENABLE_DEBUG_INFO = NO;
				MTL_FAST_MATH = YES;
				SDKROOT = iphoneos;
				SWIFT_COMPILATION_MODE = wholemodule;
				VALIDATE_PRODUCT = YES;
			};
			name = Release;
		};
		645910DF2B43F00800389140 /* Debug */ = {
			isa = XCBuildConfiguration;
			buildSettings = {
				ASSETCATALOG_COMPILER_APPICON_NAME = AppIcon;
				ASSETCATALOG_COMPILER_GLOBAL_ACCENT_COLOR_NAME = AccentColor;
				CODE_SIGN_STYLE = Automatic;
				CURRENT_PROJECT_VERSION = 1;
				DEVELOPMENT_ASSET_PATHS = "\"Africa/Preview Content\"";
				DEVELOPMENT_TEAM = KKR332Q2BZ;
				ENABLE_PREVIEWS = YES;
				GENERATE_INFOPLIST_FILE = YES;
				INFOPLIST_FILE = Africa/Info.plist;
				INFOPLIST_KEY_UIApplicationSceneManifest_Generation = YES;
				INFOPLIST_KEY_UIApplicationSupportsIndirectInputEvents = YES;
				INFOPLIST_KEY_UISupportedInterfaceOrientations_iPad = "UIInterfaceOrientationPortrait UIInterfaceOrientationPortraitUpsideDown UIInterfaceOrientationLandscapeLeft UIInterfaceOrientationLandscapeRight";
				INFOPLIST_KEY_UISupportedInterfaceOrientations_iPhone = "UIInterfaceOrientationPortrait UIInterfaceOrientationLandscapeLeft UIInterfaceOrientationLandscapeRight";
				INFOPLIST_KEY_UIUserInterfaceStyle = Dark;
				LD_RUNPATH_SEARCH_PATHS = (
					"$(inherited)",
					"@executable_path/Frameworks",
				);
				MARKETING_VERSION = 1.0;
				PRODUCT_BUNDLE_IDENTIFIER = none.Africa;
				PRODUCT_NAME = "$(TARGET_NAME)";
				SWIFT_EMIT_LOC_STRINGS = YES;
				SWIFT_VERSION = 5.0;
				TARGETED_DEVICE_FAMILY = "1,2";
			};
			name = Debug;
		};
		645910E02B43F00800389140 /* Release */ = {
			isa = XCBuildConfiguration;
			buildSettings = {
				ASSETCATALOG_COMPILER_APPICON_NAME = AppIcon;
				ASSETCATALOG_COMPILER_GLOBAL_ACCENT_COLOR_NAME = AccentColor;
				CODE_SIGN_STYLE = Automatic;
				CURRENT_PROJECT_VERSION = 1;
				DEVELOPMENT_ASSET_PATHS = "\"Africa/Preview Content\"";
				DEVELOPMENT_TEAM = KKR332Q2BZ;
				ENABLE_PREVIEWS = YES;
				GENERATE_INFOPLIST_FILE = YES;
				INFOPLIST_FILE = Africa/Info.plist;
				INFOPLIST_KEY_UIApplicationSceneManifest_Generation = YES;
				INFOPLIST_KEY_UIApplicationSupportsIndirectInputEvents = YES;
				INFOPLIST_KEY_UISupportedInterfaceOrientations_iPad = "UIInterfaceOrientationPortrait UIInterfaceOrientationPortraitUpsideDown UIInterfaceOrientationLandscapeLeft UIInterfaceOrientationLandscapeRight";
				INFOPLIST_KEY_UISupportedInterfaceOrientations_iPhone = "UIInterfaceOrientationPortrait UIInterfaceOrientationLandscapeLeft UIInterfaceOrientationLandscapeRight";
				INFOPLIST_KEY_UIUserInterfaceStyle = Dark;
				LD_RUNPATH_SEARCH_PATHS = (
					"$(inherited)",
					"@executable_path/Frameworks",
				);
				MARKETING_VERSION = 1.0;
				PRODUCT_BUNDLE_IDENTIFIER = none.Africa;
				PRODUCT_NAME = "$(TARGET_NAME)";
				SWIFT_EMIT_LOC_STRINGS = YES;
				SWIFT_VERSION = 5.0;
				TARGETED_DEVICE_FAMILY = "1,2";
			};
			name = Release;
		};
/* End XCBuildConfiguration section */

/* Begin XCConfigurationList section */
		645910CB2B43F00600389140 /* Build configuration list for PBXProject "Africa" */ = {
			isa = XCConfigurationList;
			buildConfigurations = (
				645910DC2B43F00800389140 /* Debug */,
				645910DD2B43F00800389140 /* Release */,
			);
			defaultConfigurationIsVisible = 0;
			defaultConfigurationName = Release;
		};
		645910DE2B43F00800389140 /* Build configuration list for PBXNativeTarget "Africa" */ = {
			isa = XCConfigurationList;
			buildConfigurations = (
				645910DF2B43F00800389140 /* Debug */,
				645910E02B43F00800389140 /* Release */,
			);
			defaultConfigurationIsVisible = 0;
			defaultConfigurationName = Release;
		};
/* End XCConfigurationList section */
	};
	rootObject = 645910C82B43F00600389140 /* Project object */;
}
